PODS:
  - Adjust (4.38.4):
    - Adjust/Core (= 4.38.4)
  - Adjust/Core (4.38.4)
  - AdjustPurchase (1.0.1)
  - Ads-Global/BUAdSDK_Compatible (6.2.0.7):
    - Ads-Global/Dep_Compatible
  - Ads-Global/Dep_Compatible (6.2.0.7):
    - BURelyFoundation_Global/Pangle (~> 1.0.0.6)
  - AmazonPublisherServicesSDK (4.9.7)
  - APDAdjustAdapter (3.3.3.0):
    - Adjust (~> 4.38.2)
    - AdjustPurchase (= 1.0.1)
    - Appodeal (= 3.3.3)
  - APDAmazonAdapter (3.3.3.0):
    - AmazonPublisherServicesSDK (~> 4.9.7)
    - Appodeal (= 3.3.3)
  - APDAppLovinAdapter (3.3.3.0):
    - AppLovinSDK (~> 13.0.0)
    - Appodeal (= 3.3.3)
  - APDAppLovinMAXAdapter (3.3.3.0):
    - AppLovinSDK (~> 13.0.0)
    - Appodeal (= 3.3.3)
    - GoogleAppMeasurement
    - GoogleUserMessagingPlatform
    - GoogleUtilities
    - MintegralAdSDK (~> 7.7.2)
    - MintegralAdSDK/BidSplashAd
  - APDAppsFlyerAdapter (3.3.3.0):
    - Appodeal (= 3.3.3)
    - AppsFlyerFramework (~> 6.15.2)
  - APDBidMachineAdapter (3.3.3.0):
    - Appodeal (= 3.3.3)
    - BidMachine (= 3.0.1)
    - GoogleAppMeasurement
    - GoogleUserMessagingPlatform
    - GoogleUtilities
    - MintegralAdSDK (~> 7.7.2)
    - MintegralAdSDK/BidSplashAd
  - APDBidonAdapter (3.3.3.0):
    - Appodeal (= 3.3.3)
    - Bidon (= 0.6.1)
    - GoogleAppMeasurement
    - GoogleUserMessagingPlatform
    - GoogleUtilities
    - MintegralAdSDK (~> 7.7.2)
    - MintegralAdSDK/BidSplashAd
  - APDBigoAdsAdapter (3.3.3.0):
    - Appodeal (= 3.3.3)
    - BigoADS (~> 4.4.0)
  - APDDTExchangeAdapter (3.3.3.0):
    - Appodeal (= 3.3.3)
    - Fyber_Marketplace_SDK (~> 8.3.2)
  - APDFacebookAdapter (3.3.3.0):
    - Appodeal (= 3.3.3)
    - FBSDKCoreKit (~> 17.0.1)
  - APDFirebaseAdapter (3.3.3.0):
    - Appodeal (= 3.3.3)
    - Firebase/Analytics (~> 11.0)
    - Firebase/Core (~> 11.0)
    - Firebase/RemoteConfig (~> 11.0)
    - GoogleAppMeasurement
    - GoogleUserMessagingPlatform
    - GoogleUtilities
  - APDGoogleAdMobAdapter (3.3.3.0):
    - Appodeal (= 3.3.3)
    - Google-Mobile-Ads-SDK (= 11.9.0)
    - GoogleAppMeasurement
    - GoogleUserMessagingPlatform
    - GoogleUtilities
  - APDIABAdapter (3.3.3.0):
    - Appodeal (= 3.3.3)
  - APDInMobiAdapter (3.3.3.0):
    - Appodeal (= 3.3.3)
    - InMobiSDK (~> 10.7.5)
  - APDIronSourceAdapter (3.3.3.0):
    - Appodeal (= 3.3.3)
    - IronSourceSDK (= 8.3.0)
  - APDMetaAudienceNetworkAdapter (3.3.3.0):
    - Appodeal (= 3.3.3)
    - FBAudienceNetwork (= 6.15.2)
  - APDMintegralAdapter (3.3.3.0):
    - Appodeal (= 3.3.3)
    - MintegralAdSDK (~> 7.7.2)
    - MintegralAdSDK/BidSplashAd
  - APDMyTargetAdapter (3.3.3.0):
    - Appodeal (= 3.3.3)
    - myTargetSDK (~> 5.21.8)
  - APDPangleAdapter (3.3.3.0):
    - Ads-Global/BUAdSDK_Compatible (~> 6.2.0)
    - Appodeal (= 3.3.3)
  - APDSentryAdapter (3.3.3.0):
    - Appodeal (= 3.3.3)
    - Sentry (= 8.36.0)
  - APDUnityAdapter (3.3.3.0):
    - Appodeal (= 3.3.3)
    - UnityAds (= 4.12.2)
  - APDVungleAdapter (3.3.3.0):
    - Appodeal (= 3.3.3)
    - VungleAds (= 7.4.1)
  - APDYandexAdapter (3.3.3.0):
    - Appodeal (= 3.3.3)
    - YandexMobileAds (= 5.2.1)
  - AppLovinMediationAmazonAdMarketplaceAdapter (4.9.7.0):
    - AppLovinSDK
  - AppLovinMediationBidMachineAdapter (3.0.1.0.0):
    - AppLovinSDK (>= 13.0.0)
    - BidMachine (= 3.0.1)
  - AppLovinMediationFacebookAdapter (6.15.2.1):
    - AppLovinSDK (>= 13.0.0)
    - FBAudienceNetwork (= 6.15.2)
  - AppLovinMediationFyberAdapter (8.3.2.1):
    - AppLovinSDK (>= 13.0.0)
    - Fyber_Marketplace_SDK (= 8.3.2)
  - AppLovinMediationGoogleAdapter (11.9.0.1):
    - AppLovinSDK (>= 13.0.0)
    - Google-Mobile-Ads-SDK (= 11.9.0)
  - AppLovinMediationGoogleAdManagerAdapter (11.9.0.1):
    - AppLovinSDK (>= 13.0.0)
    - Google-Mobile-Ads-SDK (= 11.9.0)
  - AppLovinMediationInMobiAdapter (10.7.5.1):
    - AppLovinSDK (>= 13.0.0)
    - InMobiSDK (= 10.7.5)
  - AppLovinMediationIronSourceAdapter (8.3.0.0.2):
    - AppLovinSDK (>= 13.0.0)
    - IronSourceSDK (= 8.3.0.0)
  - AppLovinMediationMintegralAdapter (7.7.2.0.1):
    - AppLovinSDK (>= 13.0.0)
    - MintegralAdSDK (= 7.7.2)
    - MintegralAdSDK/BidSplashAd (= 7.7.2)
  - AppLovinMediationMyTargetAdapter (5.21.8.0):
    - AppLovinSDK (>= 13.0.0)
    - myTargetSDK (= 5.21.8)
  - AppLovinMediationUnityAdsAdapter (4.12.2.1):
    - AppLovinSDK (>= 13.0.0)
    - UnityAds (= 4.12.2)
  - AppLovinMediationVungleAdapter (7.4.1.1):
    - AppLovinSDK (>= 13.0.0)
    - VungleAds (= 7.4.1)
  - AppLovinMediationYandexAdapter (5.2.1.0):
    - AppLovinSDK
    - YandexMobileAds (= 5.2.1)
  - AppLovinSDK (13.0.0)
  - Appodeal (3.3.3):
    - Protobuf
    - StackConsentManager (~> 2.0.5)
    - StackModules (~> 2.2.0)
  - AppsFlyerFramework (6.15.3):
    - AppsFlyerFramework/Main (= 6.15.3)
  - AppsFlyerFramework/Main (6.15.3)
  - BidMachine (3.0.1):
    - BidMachine/Static (= 3.0.1)
  - BidMachine/Static (3.0.1):
    - StackModules/Static (~> 2.2.0)
  - BidMachineAmazonAdapter (3.0.1.0):
    - AmazonPublisherServicesSDK (= 4.9.7)
    - BidMachine (~> 3.0.1)
  - BidMachineMetaAudienceAdapter (3.0.1.0):
    - BidMachine (~> 3.0.1)
    - FBAudienceNetwork (= 6.15.2)
  - BidMachineMintegralAdapter (3.0.1.0):
    - BidMachine (~> 3.0.1)
    - MintegralAdSDK (= 7.7.2)
  - BidMachineMyTargetAdapter (3.0.1.1):
    - BidMachine (~> 3.0.1)
    - myTargetSDK (= 5.21.8)
    - myTrackerSDK (~> 3.2.0)
  - BidMachinePangleAdapter (3.0.1.0):
    - Ads-Global/BUAdSDK_Compatible (= 6.2.0.7)
    - BidMachine (~> 3.0.1)
  - BidMachineVungleAdapter (3.0.1.0):
    - BidMachine (~> 3.0.1)
    - VungleAds (= 7.4.1)
  - Bidon (0.6.1)
  - BidonAdapterAppLovin (0.6.1.0):
    - AppLovinSDK (= 13.0.0)
    - Bidon (= 0.6.1)
  - BidonAdapterBidMachine (0.6.1.0):
    - BidMachine (= 3.0.1)
    - Bidon (= 0.6.1)
  - BidonAdapterBigoAds (0.6.1.0):
    - Bidon (= 0.6.1)
    - BigoADS (~> 4.4.0)
  - BidonAdapterDTExchange (0.6.1.0):
    - Bidon (= 0.6.1)
    - Fyber_Marketplace_SDK (~> 8.3.2)
  - BidonAdapterGoogleAdManager (0.6.1.0):
    - Bidon (= 0.6.1)
    - Google-Mobile-Ads-SDK (~> 11.9.0)
  - BidonAdapterGoogleMobileAds (0.6.1.0):
    - Bidon (= 0.6.1)
    - Google-Mobile-Ads-SDK (~> 11.9.0)
  - BidonAdapterInMobi (0.6.1.0):
    - Bidon (= 0.6.1)
    - InMobiSDK (~> 10.7.5)
  - BidonAdapterMetaAudienceNetwork (0.6.1.0):
    - Bidon (= 0.6.1)
    - FBAudienceNetwork (~> 6.15.2)
  - BidonAdapterMintegral (0.6.1.0):
    - Bidon (= 0.6.1)
    - MintegralAdSDK (= 7.7.2)
  - BidonAdapterUnityAds (0.6.1.0):
    - Bidon (= 0.6.1)
    - UnityAds (~> 4.12.2)
  - BidonAdapterVungle (0.6.1.0):
    - Bidon (= 0.6.1)
    - VungleAds (~> 7.4.1)
  - BigoADS (4.4.0)
  - BURelyFoundation_Global/AFNetworking (1.0.0.6)
  - BURelyFoundation_Global/APM (1.0.0.6)
  - BURelyFoundation_Global/Foundation (1.0.0.6):
    - BURelyFoundation_Global/NETWork
  - BURelyFoundation_Global/Gecko (1.0.0.6):
    - BURelyFoundation_Global/Foundation
  - BURelyFoundation_Global/Header (1.0.0.6)
  - BURelyFoundation_Global/NETWork (1.0.0.6):
    - BURelyFoundation_Global/AFNetworking
  - BURelyFoundation_Global/Pangle (1.0.0.6):
    - BURelyFoundation_Global/AFNetworking
    - BURelyFoundation_Global/APM
    - BURelyFoundation_Global/Foundation
    - BURelyFoundation_Global/Gecko
    - BURelyFoundation_Global/Header
    - BURelyFoundation_Global/NETWork
    - BURelyFoundation_Global/SDWebImage
    - BURelyFoundation_Global/YYModel
    - BURelyFoundation_Global/ZFPlayer
    - BURelyFoundation_Global/Zip
  - BURelyFoundation_Global/SDWebImage (1.0.0.6):
    - BURelyFoundation_Global/Foundation
  - BURelyFoundation_Global/YYModel (1.0.0.6)
  - BURelyFoundation_Global/ZFPlayer (1.0.0.6):
    - BURelyFoundation_Global/Foundation
    - BURelyFoundation_Global/Zip
  - BURelyFoundation_Global/Zip (1.0.0.6):
    - BURelyFoundation_Global/Foundation
  - FBAEMKit (17.0.3):
    - FBSDKCoreKit_Basics (= 17.0.3)
  - FBAudienceNetwork (6.15.2)
  - FBSDKCoreKit (17.0.3):
    - FBAEMKit (= 17.0.3)
    - FBSDKCoreKit_Basics (= 17.0.3)
  - FBSDKCoreKit_Basics (17.0.3)
  - Firebase/Analytics (11.3.0):
    - Firebase/Core
  - Firebase/Core (11.3.0):
    - Firebase/CoreOnly
    - FirebaseAnalytics (~> 11.3.0)
  - Firebase/CoreOnly (11.3.0):
    - FirebaseCore (= 11.3.0)
  - Firebase/RemoteConfig (11.3.0):
    - Firebase/CoreOnly
    - FirebaseRemoteConfig (~> 11.3.0)
  - FirebaseABTesting (11.3.0):
    - FirebaseCore (~> 11.0)
  - FirebaseAnalytics (11.3.0):
    - FirebaseAnalytics/AdIdSupport (= 11.3.0)
    - FirebaseCore (~> 11.0)
    - FirebaseInstallations (~> 11.0)
    - GoogleUtilities/AppDelegateSwizzler (~> 8.0)
    - GoogleUtilities/MethodSwizzler (~> 8.0)
    - GoogleUtilities/Network (~> 8.0)
    - "GoogleUtilities/NSData+zlib (~> 8.0)"
    - nanopb (~> 3.30910.0)
  - FirebaseAnalytics/AdIdSupport (11.3.0):
    - FirebaseCore (~> 11.0)
    - FirebaseInstallations (~> 11.0)
    - GoogleAppMeasurement (= 11.3.0)
    - GoogleUtilities/AppDelegateSwizzler (~> 8.0)
    - GoogleUtilities/MethodSwizzler (~> 8.0)
    - GoogleUtilities/Network (~> 8.0)
    - "GoogleUtilities/NSData+zlib (~> 8.0)"
    - nanopb (~> 3.30910.0)
  - FirebaseCore (11.3.0):
    - FirebaseCoreInternal (~> 11.0)
    - GoogleUtilities/Environment (~> 8.0)
    - GoogleUtilities/Logger (~> 8.0)
  - FirebaseCoreInternal (11.3.0):
    - "GoogleUtilities/NSData+zlib (~> 8.0)"
  - FirebaseInstallations (11.3.0):
    - FirebaseCore (~> 11.0)
    - GoogleUtilities/Environment (~> 8.0)
    - GoogleUtilities/UserDefaults (~> 8.0)
    - PromisesObjC (~> 2.4)
  - FirebaseRemoteConfig (11.3.0):
    - FirebaseABTesting (~> 11.0)
    - FirebaseCore (~> 11.0)
    - FirebaseInstallations (~> 11.0)
    - FirebaseRemoteConfigInterop (~> 11.0)
    - FirebaseSharedSwift (~> 11.0)
    - GoogleUtilities/Environment (~> 8.0)
    - "GoogleUtilities/NSData+zlib (~> 8.0)"
  - FirebaseRemoteConfigInterop (11.3.0)
  - FirebaseSharedSwift (11.3.0)
  - Fyber_Marketplace_SDK (8.3.2)
  - Google-Mobile-Ads-SDK (11.9.0):
    - GoogleUserMessagingPlatform (>= 1.1)
  - GoogleAppMeasurement (11.3.0):
    - GoogleAppMeasurement/AdIdSupport (= 11.3.0)
    - GoogleUtilities/AppDelegateSwizzler (~> 8.0)
    - GoogleUtilities/MethodSwizzler (~> 8.0)
    - GoogleUtilities/Network (~> 8.0)
    - "GoogleUtilities/NSData+zlib (~> 8.0)"
    - nanopb (~> 3.30910.0)
  - GoogleAppMeasurement/AdIdSupport (11.3.0):
    - GoogleAppMeasurement/WithoutAdIdSupport (= 11.3.0)
    - GoogleUtilities/AppDelegateSwizzler (~> 8.0)
    - GoogleUtilities/MethodSwizzler (~> 8.0)
    - GoogleUtilities/Network (~> 8.0)
    - "GoogleUtilities/NSData+zlib (~> 8.0)"
    - nanopb (~> 3.30910.0)
  - GoogleAppMeasurement/WithoutAdIdSupport (11.3.0):
    - GoogleUtilities/AppDelegateSwizzler (~> 8.0)
    - GoogleUtilities/MethodSwizzler (~> 8.0)
    - GoogleUtilities/Network (~> 8.0)
    - "GoogleUtilities/NSData+zlib (~> 8.0)"
    - nanopb (~> 3.30910.0)
  - GoogleUserMessagingPlatform (2.6.0)
  - GoogleUtilities (8.0.2):
    - GoogleUtilities/AppDelegateSwizzler (= 8.0.2)
    - GoogleUtilities/Environment (= 8.0.2)
    - GoogleUtilities/Logger (= 8.0.2)
    - GoogleUtilities/MethodSwizzler (= 8.0.2)
    - GoogleUtilities/Network (= 8.0.2)
    - "GoogleUtilities/NSData+zlib (= 8.0.2)"
    - GoogleUtilities/Privacy (= 8.0.2)
    - GoogleUtilities/Reachability (= 8.0.2)
    - GoogleUtilities/SwizzlerTestHelpers (= 8.0.2)
    - GoogleUtilities/UserDefaults (= 8.0.2)
  - GoogleUtilities/AppDelegateSwizzler (8.0.2):
    - GoogleUtilities/Environment
    - GoogleUtilities/Logger
    - GoogleUtilities/Network
    - GoogleUtilities/Privacy
  - GoogleUtilities/Environment (8.0.2):
    - GoogleUtilities/Privacy
  - GoogleUtilities/Logger (8.0.2):
    - GoogleUtilities/Environment
    - GoogleUtilities/Privacy
  - GoogleUtilities/MethodSwizzler (8.0.2):
    - GoogleUtilities/Logger
    - GoogleUtilities/Privacy
  - GoogleUtilities/Network (8.0.2):
    - GoogleUtilities/Logger
    - "GoogleUtilities/NSData+zlib"
    - GoogleUtilities/Privacy
    - GoogleUtilities/Reachability
  - "GoogleUtilities/NSData+zlib (8.0.2)":
    - GoogleUtilities/Privacy
  - GoogleUtilities/Privacy (8.0.2)
  - GoogleUtilities/Reachability (8.0.2):
    - GoogleUtilities/Logger
    - GoogleUtilities/Privacy
  - GoogleUtilities/SwizzlerTestHelpers (8.0.2):
    - GoogleUtilities/MethodSwizzler
  - GoogleUtilities/UserDefaults (8.0.2):
    - GoogleUtilities/Logger
    - GoogleUtilities/Privacy
  - InMobiSDK (10.7.5)
  - IronSourceSDK (8.3.0.0)
  - MintegralAdSDK (7.7.2):
    - MintegralAdSDK/BannerAd (= 7.7.2)
    - MintegralAdSDK/BidBannerAd (= 7.7.2)
    - MintegralAdSDK/BidInterstitialVideoAd (= 7.7.2)
    - MintegralAdSDK/BidNativeAd (= 7.7.2)
    - MintegralAdSDK/BidNewInterstitialAd (= 7.7.2)
    - MintegralAdSDK/BidRewardVideoAd (= 7.7.2)
    - MintegralAdSDK/InterstitialVideoAd (= 7.7.2)
    - MintegralAdSDK/NativeAd (= 7.7.2)
    - MintegralAdSDK/NewInterstitialAd (= 7.7.2)
    - MintegralAdSDK/RewardVideoAd (= 7.7.2)
  - MintegralAdSDK/BannerAd (7.7.2):
    - MintegralAdSDK/NativeAd
  - MintegralAdSDK/BidBannerAd (7.7.2):
    - MintegralAdSDK/BannerAd
    - MintegralAdSDK/BidNativeAd
  - MintegralAdSDK/BidInterstitialVideoAd (7.7.2):
    - MintegralAdSDK/BidNativeAd
    - MintegralAdSDK/InterstitialVideoAd
  - MintegralAdSDK/BidNativeAd (7.7.2):
    - MintegralAdSDK/NativeAd
  - MintegralAdSDK/BidNewInterstitialAd (7.7.2):
    - MintegralAdSDK/BidNativeAd
    - MintegralAdSDK/NewInterstitialAd
  - MintegralAdSDK/BidRewardVideoAd (7.7.2):
    - MintegralAdSDK/BidNativeAd
    - MintegralAdSDK/RewardVideoAd
  - MintegralAdSDK/BidSplashAd (7.7.2):
    - MintegralAdSDK/BidNativeAd
    - MintegralAdSDK/SplashAd
  - MintegralAdSDK/InterstitialVideoAd (7.7.2):
    - MintegralAdSDK/NativeAd
  - MintegralAdSDK/NativeAd (7.7.2)
  - MintegralAdSDK/NewInterstitialAd (7.7.2):
    - MintegralAdSDK/InterstitialVideoAd
    - MintegralAdSDK/NativeAd
  - MintegralAdSDK/RewardVideoAd (7.7.2):
    - MintegralAdSDK/NativeAd
  - MintegralAdSDK/SplashAd (7.7.2):
    - MintegralAdSDK/NativeAd
  - myTargetSDK (5.21.8):
    - myTrackerSDK (~> 3.2.0)
  - myTrackerSDK (3.2.0)
  - nanopb (3.30910.0):
    - nanopb/decode (= 3.30910.0)
    - nanopb/encode (= 3.30910.0)
  - nanopb/decode (3.30910.0)
  - nanopb/encode (3.30910.0)
  - OMSDK_Appodeal (1.5.2)
  - PromisesObjC (2.4.0)
  - Protobuf (3.28.2)
  - Sentry (8.36.0):
    - Sentry/Core (= 8.36.0)
  - Sentry/Core (8.36.0)
  - StackConsentManager (2.0.5):
    - GoogleUserMessagingPlatform (~> 2.1)
  - StackModules (2.2.0):
    - StackModules/Static (= 2.2.0)
  - StackModules/Core-Static (2.2.0)
  - StackModules/ProductPresentation-Static (2.2.0):
    - StackModules/Core-Static
  - StackModules/Rendering-Static (2.2.0):
    - OMSDK_Appodeal (~> 1.5.0)
    - StackModules/Core-Static
    - StackModules/ProductPresentation-Static
  - StackModules/Static (2.2.0):
    - StackModules/Core-Static
    - StackModules/ProductPresentation-Static
    - StackModules/Rendering-Static
  - UnityAds (4.12.2)
  - VungleAds (7.4.1)
  - YandexMobileAds (5.2.1):
    - YandexMobileAds/Static (= 5.2.1)
  - YandexMobileAds/Static (5.2.1):
    - YandexMobileMetrica (< 5.0.0, >= 4.0.0)
  - YandexMobileMetrica (4.5.2):
    - YandexMobileMetrica/Static (= 4.5.2)
  - YandexMobileMetrica/Static (4.5.2):
    - YandexMobileMetrica/Static/Core (= 4.5.2)
    - YandexMobileMetrica/Static/Crashes (= 4.5.2)
  - YandexMobileMetrica/Static/Core (4.5.2)
  - YandexMobileMetrica/Static/Crashes (4.5.2):
    - YandexMobileMetrica/Static/Core

DEPENDENCIES:
  - AmazonPublisherServicesSDK (= 4.9.7)
  - APDAdjustAdapter (= 3.3.3.0)
  - APDAmazonAdapter (= 3.3.3.0)
  - APDAppLovinAdapter (= 3.3.3.0)
  - APDAppLovinMAXAdapter (= 3.3.3.0)
  - APDAppsFlyerAdapter (= 3.3.3.0)
  - APDBidMachineAdapter (= 3.3.3.0)
  - APDBidonAdapter (= 3.3.3.0)
  - APDBigoAdsAdapter (= 3.3.3.0)
  - APDDTExchangeAdapter (= 3.3.3.0)
  - APDFacebookAdapter (= 3.3.3.0)
  - APDFirebaseAdapter (= 3.3.3.0)
  - APDGoogleAdMobAdapter (= 3.3.3.0)
  - APDIABAdapter (= 3.3.3.0)
  - APDInMobiAdapter (= 3.3.3.0)
  - APDIronSourceAdapter (= 3.3.3.0)
  - APDMetaAudienceNetworkAdapter (= 3.3.3.0)
  - APDMintegralAdapter (= 3.3.3.0)
  - APDMyTargetAdapter (= 3.3.3.0)
  - APDPangleAdapter (= 3.3.3.0)
  - APDSentryAdapter (= 3.3.3.0)
  - APDUnityAdapter (= 3.3.3.0)
  - APDVungleAdapter (= 3.3.3.0)
  - APDYandexAdapter (= 3.3.3.0)
  - AppLovinMediationAmazonAdMarketplaceAdapter (= 4.9.7.0)
  - AppLovinMediationBidMachineAdapter (= 3.0.1.0.0)
  - AppLovinMediationFacebookAdapter (= 6.15.2.1)
  - AppLovinMediationFyberAdapter (= 8.3.2.1)
  - AppLovinMediationGoogleAdapter (= 11.9.0.1)
  - AppLovinMediationGoogleAdManagerAdapter (= 11.9.0.1)
  - AppLovinMediationInMobiAdapter (= 10.7.5.1)
  - AppLovinMediationIronSourceAdapter (= 8.3.0.0.2)
  - AppLovinMediationMintegralAdapter (= 7.7.2.0.1)
  - AppLovinMediationMyTargetAdapter (= 5.21.8.0)
  - AppLovinMediationUnityAdsAdapter (= 4.12.2.1)
  - AppLovinMediationVungleAdapter (= 7.4.1.1)
  - AppLovinMediationYandexAdapter (= 5.2.1.0)
  - Appodeal (= 3.3.3)
  - BidMachineAmazonAdapter (= 3.0.1.0)
  - BidMachineMetaAudienceAdapter (= 3.0.1.0)
  - BidMachineMintegralAdapter (= 3.0.1.0)
  - BidMachineMyTargetAdapter (= 3.0.1.1)
  - BidMachinePangleAdapter (= 3.0.1.0)
  - BidMachineVungleAdapter (= 3.0.1.0)
  - BidonAdapterAppLovin (= 0.6.1.0)
  - BidonAdapterBidMachine (= 0.6.1.0)
  - BidonAdapterBigoAds (= 0.6.1.0)
  - BidonAdapterDTExchange (= 0.6.1.0)
  - BidonAdapterGoogleAdManager (= 0.6.1.0)
  - BidonAdapterGoogleMobileAds (= 0.6.1.0)
  - BidonAdapterInMobi (= 0.6.1.0)
  - BidonAdapterMetaAudienceNetwork (= 0.6.1.0)
  - BidonAdapterMintegral (= 0.6.1.0)
  - BidonAdapterUnityAds (= 0.6.1.0)
  - BidonAdapterVungle (= 0.6.1.0)

SPEC REPOS:
  https://github.com/appodeal/CocoaPods.git:
    - AdjustPurchase
    - APDAdjustAdapter
    - APDAmazonAdapter
    - APDAppLovinAdapter
    - APDAppLovinMAXAdapter
    - APDAppsFlyerAdapter
    - APDBidMachineAdapter
    - APDBidonAdapter
    - APDBigoAdsAdapter
    - APDDTExchangeAdapter
    - APDFacebookAdapter
    - APDFirebaseAdapter
    - APDGoogleAdMobAdapter
    - APDIABAdapter
    - APDInMobiAdapter
    - APDIronSourceAdapter
    - APDMetaAudienceNetworkAdapter
    - APDMintegralAdapter
    - APDMyTargetAdapter
    - APDPangleAdapter
    - APDSentryAdapter
    - APDUnityAdapter
    - APDVungleAdapter
    - APDYandexAdapter
    - Appodeal
    - BidMachineAmazonAdapter
    - BidMachineMetaAudienceAdapter
    - BidMachineMintegralAdapter
    - BidMachineMyTargetAdapter
    - BidMachinePangleAdapter
    - BidMachineVungleAdapter
    - StackConsentManager
  https://github.com/bidon-io/CocoaPods_Specs.git:
    - Bidon
    - BidonAdapterAppLovin
    - BidonAdapterBidMachine
    - BidonAdapterBigoAds
    - BidonAdapterDTExchange
    - BidonAdapterGoogleAdManager
    - BidonAdapterGoogleMobileAds
    - BidonAdapterInMobi
    - BidonAdapterMetaAudienceNetwork
    - BidonAdapterMintegral
    - BidonAdapterUnityAds
    - BidonAdapterVungle
  trunk:
    - Adjust
    - Ads-Global
    - AmazonPublisherServicesSDK
    - AppLovinMediationAmazonAdMarketplaceAdapter
    - AppLovinMediationBidMachineAdapter
    - AppLovinMediationFacebookAdapter
    - AppLovinMediationFyberAdapter
    - AppLovinMediationGoogleAdapter
    - AppLovinMediationGoogleAdManagerAdapter
    - AppLovinMediationInMobiAdapter
    - AppLovinMediationIronSourceAdapter
    - AppLovinMediationMintegralAdapter
    - AppLovinMediationMyTargetAdapter
    - AppLovinMediationUnityAdsAdapter
    - AppLovinMediationVungleAdapter
    - AppLovinMediationYandexAdapter
    - AppLovinSDK
    - AppsFlyerFramework
    - BidMachine
    - BigoADS
    - BURelyFoundation_Global
    - FBAEMKit
    - FBAudienceNetwork
    - FBSDKCoreKit
    - FBSDKCoreKit_Basics
    - Firebase
    - FirebaseABTesting
    - FirebaseAnalytics
    - FirebaseCore
    - FirebaseCoreInternal
    - FirebaseInstallations
    - FirebaseRemoteConfig
    - FirebaseRemoteConfigInterop
    - FirebaseSharedSwift
    - Fyber_Marketplace_SDK
    - Google-Mobile-Ads-SDK
    - GoogleAppMeasurement
    - GoogleUserMessagingPlatform
    - GoogleUtilities
    - InMobiSDK
    - IronSourceSDK
    - MintegralAdSDK
    - myTargetSDK
    - myTrackerSDK
    - nanopb
    - OMSDK_Appodeal
    - PromisesObjC
    - Protobuf
    - Sentry
    - StackModules
    - UnityAds
    - VungleAds
    - YandexMobileAds
    - YandexMobileMetrica

SPEC CHECKSUMS:
  Adjust: afda46df69f035fd216310fb85f399c40c61830a
  AdjustPurchase: a6688375a589f10a455adb9217c7de55eba93d63
  Ads-Global: 9cb739d414240518bf1fa63962e2ba65b3c39100
  AmazonPublisherServicesSDK: c9e8ce9b12d9263d1635f490c1a57eaf6e595c69
  APDAdjustAdapter: 410196eb71239eedbf27212046c0ff95c5bf77d9
  APDAmazonAdapter: 42cae4235a9411b0f0c87f4f0bf49679a7331778
  APDAppLovinAdapter: 780f2de661343973c59b9b77aed6f168d62520a0
  APDAppLovinMAXAdapter: 3158dcda75ea225976358613adb593f33a396f1b
  APDAppsFlyerAdapter: c1672d23966877940690e8cbc75f0e771f638ced
  APDBidMachineAdapter: 1f7cc566863c84c0f789860a47de5196cf6ec735
  APDBidonAdapter: 6da964663d8da506b8bc2120c69aeb198046c61d
  APDBigoAdsAdapter: baf99975ac883ae3cf9e39b6685b55b1264e5496
  APDDTExchangeAdapter: 0aeffee2e5f51e7d77237a60da43ae77cf55ba46
  APDFacebookAdapter: d78bf25dd1d90ccdfaa74a9bdd02ea0b66304650
  APDFirebaseAdapter: 5c4d3f71e3184b2df0a1d1856fbe547d9c40ca56
  APDGoogleAdMobAdapter: 147fb6811701f6a6196c637709dd92cafdbf6fd2
  APDIABAdapter: a71d7fe7fdb59ed4cd00d58505be86501398ccab
  APDInMobiAdapter: 77e51b2df420c345e536d161743f757e26f82975
  APDIronSourceAdapter: d342052d35a85dd31187b5c879500316ddc3f64d
  APDMetaAudienceNetworkAdapter: 42c5fcaeda422cc8ca8efc242d1ab6ac5de1ec6b
  APDMintegralAdapter: 52fc60f20fc60fbce1bb9cff3522a77c7063d799
  APDMyTargetAdapter: e35716752778394c6ea25bf247bc24cdd18a8089
  APDPangleAdapter: db0dd102aede0ec93a8f641121043f933e338e29
  APDSentryAdapter: 9f854d13f475ba9c74bdf91c79626a1949b5ab95
  APDUnityAdapter: c51943ed446988ad35ff8e680542e5d97e484738
  APDVungleAdapter: 05d30d33928783e0f544b7a068992d1c8f25a646
  APDYandexAdapter: feff0c4a6080f9576ed04759c042da9020181e5a
  AppLovinMediationAmazonAdMarketplaceAdapter: ca2bdcf8291382a54f268e21d8a1d2300df0697d
  AppLovinMediationBidMachineAdapter: bf7e730198ecb9a5af19e1d2644ebf6e7290f7d4
  AppLovinMediationFacebookAdapter: a569c3015e24b5e00049a46bb344ba00894b3541
  AppLovinMediationFyberAdapter: 5fa1488a43fd8359f028a07f4fbf091835eee8ba
  AppLovinMediationGoogleAdapter: 61b12e5bcaba0484149ebbf97f41e2bbda16bebf
  AppLovinMediationGoogleAdManagerAdapter: e42c1a15f317f17cb8174f18eaba633e4971046c
  AppLovinMediationInMobiAdapter: a69c697ad371e957cc426bf670b3cce2e7b22c08
  AppLovinMediationIronSourceAdapter: c4575f7abaa710be84aa3de18a76a4d492cf1377
  AppLovinMediationMintegralAdapter: 9952d52bcec54fe038b690bf9a29375d5728419a
  AppLovinMediationMyTargetAdapter: 87e034195f47b3b41406bcdcd64733c313cb10f3
  AppLovinMediationUnityAdsAdapter: 8acb6e345b8d48aa0bb00f7708bdad68594f0af5
  AppLovinMediationVungleAdapter: e4422d7ea4369abb7ed7f7fe09a091f967059bbf
  AppLovinMediationYandexAdapter: 959c5e6d0df3b20d3cb7ecc2336a718ab51aa6be
  AppLovinSDK: c0ecb434df24008b6ecdd7f1e5b8587bc45ff381
  Appodeal: 9c506e09471d4575fa1c6b2ae1bbcf1b6c418f97
  AppsFlyerFramework: ad7ff0d22aa36c7f8cc4f71a5424e19b89ccb8ae
  BidMachine: cb15c3d1324c8864954550cddd968605a2cfb3cf
  BidMachineAmazonAdapter: d89b4fa91981e56b674cf51cf54cca372e7dbc24
  BidMachineMetaAudienceAdapter: 4cf6ee72d05c6fb3339aa2e244fc5086a76d9a83
  BidMachineMintegralAdapter: d981042d5587abdf6574574077633063839b0bd7
  BidMachineMyTargetAdapter: 007988589f40b1523056f17dd7a23f9a109d6fd8
  BidMachinePangleAdapter: 1d7ee93b6a6316c1cc903a32dcf39815acb26121
  BidMachineVungleAdapter: 3e5aed538e552bd0ebfc3566cecc38c84500192f
  Bidon: ce60a3c5018883ac04b3790020c10e700df7f7de
  BidonAdapterAppLovin: 8b3e352cd5d1903036debb1281e333ded690337a
  BidonAdapterBidMachine: 2abc1d2a4902d2c42f029f4cae909ec5bf0a030d
  BidonAdapterBigoAds: 178442e91f58cabef3b5a54ac6698355c3ee5c39
  BidonAdapterDTExchange: 6c9c0fe737275497d70ff6355fcd74cb73f23f91
  BidonAdapterGoogleAdManager: 2416046ca8091d75ec2af629b451100c71c8f4f0
  BidonAdapterGoogleMobileAds: a395fb49369391de46dd4548f7db7224583bdfd5
  BidonAdapterInMobi: 37238e678970c7bde98a4516df1c080bdf95496d
  BidonAdapterMetaAudienceNetwork: 2bf0d44034bffa3aae3752c8f6b60bdd0c29b0b6
  BidonAdapterMintegral: a9c633c53fdb56d2fdb8637bf47408a64ea933cc
  BidonAdapterUnityAds: e0783635bcd61cce058c95d35121588888c107a3
  BidonAdapterVungle: 8b69398a7d7a5e2c62f7db5868791f090c4eeb53
  BigoADS: 164e32b1b7b5e78b2e99d9997e7fd1429708961c
  BURelyFoundation_Global: 17faee76affe097bd20b422fe829f9f90ed10e25
  FBAEMKit: 9900b2edd99a2d21629a6277e6166f14c6215799
  FBAudienceNetwork: 2457a89b45e2596241fd81b0c2fd8cb6f6053869
  FBSDKCoreKit: 0791f8f68a8630931a4c12aa23a56cc021551596
  FBSDKCoreKit_Basics: 46d6b472c0dd0a5a7e972c025033d1c567f54eb4
  Firebase: 5c575140761e22324806f401e38c483d58db2dec
  FirebaseABTesting: c4559fcd2eba9f6bdaf0599e2c37ded01c343e4c
  FirebaseAnalytics: ce1593872635a5ebd715d0d3937fab195991ecc9
  FirebaseCore: 8542de610f35f86196ba26cdb2544565a5157c8e
  FirebaseCoreInternal: ac26d09a70c730e497936430af4e60fb0c68ec4e
  FirebaseInstallations: 58cf94dabf1e2bb2fa87725a9be5c2249171cda0
  FirebaseRemoteConfig: 5be2ca4f9870d475b39214210955fdaeecf7e5ca
  FirebaseRemoteConfigInterop: c3a5c31b3c22079f41ba1dc645df889d9ce38cb9
  FirebaseSharedSwift: d39c2ad64a11a8d936ce25a42b00df47078bb59c
  Fyber_Marketplace_SDK: 215c2020efd507c0e97f40871e96a26918f8986e
  Google-Mobile-Ads-SDK: 6a3cdd892fd87c8b2a388c1cc74d2b7df2570f0b
  GoogleAppMeasurement: c8bac5f6ad85d3a0bdf2b9aee7fd484d6615d486
  GoogleUserMessagingPlatform: 0c3a08353e53ce8c2feab7addd0b652cde522450
  GoogleUtilities: 26a3abef001b6533cf678d3eb38fd3f614b7872d
  InMobiSDK: 728c861e41cd738eaf0a26b87f0e3f945e8c5602
  IronSourceSDK: 2dbbc8b9d20cbc4a60901e07e0aa5f3bf6a15d9a
  MintegralAdSDK: 7e05f9ab5f555b7049435a9477d457d7bf9b5473
  myTargetSDK: 6cd162b0359f98b2cf4266af48f22dd6af3ff09c
  myTrackerSDK: e1d9cf32afae080a91bf46ef7e48e43e1644d884
  nanopb: fad817b59e0457d11a5dfbde799381cd727c1275
  OMSDK_Appodeal: 066f9da2c77d560e319341c6bd4739828bc65842
  PromisesObjC: f5707f49cb48b9636751c5b2e7d227e43fba9f47
  Protobuf: 28c89b24435762f60244e691544ed80f50d82701
  Sentry: f8374b5415bc38dfb5645941b3ae31230fbeae57
  StackConsentManager: 3f03656a53224b08149dbc66ef9f4153f0f68c44
  StackModules: 01456d85a6ddbaa52059e9d9d6ee7ec8812d10ca
  UnityAds: f746f4baac748fcf8b70f0d70c816f6316808d3e
  VungleAds: 97140121d0b909891eb217d1c102a194601da607
  YandexMobileAds: 3d7708df615f92815a3acedf9869da46d0b4d65e
  YandexMobileMetrica: f5368ee93f286c793d73b58da00929babfc897c1

PODFILE CHECKSUM: 889b91a33f6d9a9264476dbe98ead7067272a8c5

COCOAPODS: 1.15.2
