PODS:
  - Adjust (4.38.4):
    - Adjust/Core (= 4.38.4)
  - Adjust/Core (4.38.4)
  - AdjustPurchase (1.0.1)
  - Ads-Global/BUAdSDK_Compatible (5.8.0.8):
    - Ads-Global/BURelyAdSDK
    - Ads-Global/Dep_Compatible
  - Ads-Global/BURelyAdSDK (5.8.0.8)
  - Ads-Global/Dep_Compatible (5.8.0.8):
    - BURelyFoundation_Global/Pangle (~> 0.2.1.4)
  - AmazonPublisherServicesSDK (4.9.2)
  - APDAdjustAdapter (3.3.2.0):
    - Adjust (~> 4.38.2)
    - AdjustPurchase (= 1.0.1)
    - Appodeal (= 3.3.2)
  - APDAmazonAdapter (3.3.2.0):
    - AmazonPublisherServicesSDK (~> 4.9.2)
    - Appodeal (= 3.3.2)
  - APDAppLovinAdapter (3.3.2.0):
    - AppLovinSDK (~> 12.6.0)
    - Appodeal (= 3.3.2)
  - APDAppLovinMAXAdapter (3.3.2.0):
    - AppLovinSDK (~> 12.6.0)
    - Appodeal (= 3.3.2)
    - GoogleAppMeasurement
    - GoogleUserMessagingPlatform
    - GoogleUtilities
    - MintegralAdSDK (~> 7.6.1)
    - MintegralAdSDK/BidSplashAd
  - APDAppsFlyerAdapter (3.3.2.0):
    - Appodeal (= 3.3.2)
    - AppsFlyer-AdRevenue (~> 6.9.1)
    - AppsFlyerFramework (~> 6.14.3)
  - APDBidMachineAdapter (3.3.2.0):
    - Appodeal (= 3.3.2)
    - BidMachine (= 2.6.0)
    - GoogleAppMeasurement
    - GoogleUserMessagingPlatform
    - GoogleUtilities
    - MintegralAdSDK (~> 7.6.1)
    - MintegralAdSDK/BidSplashAd
  - APDBidonAdapter (3.3.2.0):
    - Appodeal (= 3.3.2)
    - Bidon (~> 0.6.0)
    - GoogleAppMeasurement
    - GoogleUserMessagingPlatform
    - GoogleUtilities
    - MintegralAdSDK (~> 7.6.1)
    - MintegralAdSDK/BidSplashAd
  - APDBigoAdsAdapter (3.3.2.0):
    - Appodeal (= 3.3.2)
    - BigoADS (~> 4.3.0)
  - APDDTExchangeAdapter (3.3.2.0):
    - Appodeal (= 3.3.2)
    - Fyber_Marketplace_SDK (~> 8.3.1)
  - APDFacebookAdapter (3.3.2.0):
    - Appodeal (= 3.3.2)
    - FBSDKCoreKit (~> 17.0.1)
  - APDFirebaseAdapter (3.3.2.0):
    - Appodeal (= 3.3.2)
    - Firebase/Analytics (~> 10.25)
    - Firebase/Core (~> 10.25)
    - Firebase/RemoteConfig (~> 10.25)
    - GoogleAppMeasurement
    - GoogleUserMessagingPlatform
    - GoogleUtilities
  - APDGoogleAdMobAdapter (3.3.2.0):
    - Appodeal (= 3.3.2)
    - Google-Mobile-Ads-SDK (= 11.5.0)
    - GoogleAppMeasurement
    - GoogleUserMessagingPlatform
    - GoogleUtilities
  - APDIABAdapter (3.3.2.0):
    - Appodeal (= 3.3.2)
  - APDInMobiAdapter (3.3.2.0):
    - Appodeal (= 3.3.2)
    - InMobiSDK (~> 10.7.2)
  - APDIronSourceAdapter (3.3.2.0):
    - Appodeal (= 3.3.2)
    - IronSourceSDK (= 8.1.0)
  - APDMetaAudienceNetworkAdapter (3.3.2.0):
    - Appodeal (= 3.3.2)
    - FBAudienceNetwork (= 6.15.0)
  - APDMintegralAdapter (3.3.2.0):
    - Appodeal (= 3.3.2)
    - MintegralAdSDK (~> 7.6.1)
    - MintegralAdSDK/BidSplashAd
  - APDMyTargetAdapter (3.3.2.0):
    - Appodeal (= 3.3.2)
    - myTargetSDK (~> 5.20.1)
    - myTrackerSDK (<= 3.1.7)
  - APDPangleAdapter (3.3.2.0):
    - Ads-Global/BUAdSDK_Compatible (~> 5.8.0)
    - Appodeal (= 3.3.2)
  - APDSentryAdapter (3.3.2.0):
    - Appodeal (= 3.3.2)
    - Sentry (= 8.21.0)
  - APDSmaatoAdapter (3.3.2.0):
    - Appodeal (= 3.3.2)
    - smaato-ios-sdk (~> 22.8.2)
    - smaato-ios-sdk/Modules/UnifiedBidding (~> 22.8.2)
  - APDUnityAdapter (3.3.2.0):
    - Appodeal (= 3.3.2)
    - UnityAds (= 4.11.3)
  - APDVungleAdapter (3.3.2.0):
    - Appodeal (= 3.3.2)
    - VungleAds (= 7.3.0)
  - APDYandexAdapter (3.3.2.0):
    - Appodeal (= 3.3.2)
    - YandexMobileAds (= 5.2.1)
  - AppLovinMediationAmazonAdMarketplaceAdapter (4.9.7.0):
    - AppLovinSDK
  - AppLovinMediationBidMachineAdapter (2.6.0.0.0):
    - AppLovinSDK
    - BidMachine (= 2.6.0)
  - AppLovinMediationFacebookAdapter (6.15.0.0):
    - AppLovinSDK
    - FBAudienceNetwork (= 6.15.0)
  - AppLovinMediationFyberAdapter (8.3.1.0):
    - AppLovinSDK
    - Fyber_Marketplace_SDK (= 8.3.1)
  - AppLovinMediationGoogleAdapter (11.5.0.0):
    - AppLovinSDK
    - Google-Mobile-Ads-SDK (= 11.5.0)
  - AppLovinMediationGoogleAdManagerAdapter (11.5.0.0):
    - AppLovinSDK
    - Google-Mobile-Ads-SDK (= 11.5.0)
  - AppLovinMediationInMobiAdapter (10.7.5.0):
    - AppLovinSDK
    - InMobiSDK (= 10.7.5)
  - AppLovinMediationIronSourceAdapter (8.1.0.0.1):
    - AppLovinSDK
    - IronSourceSDK (= 8.1.0.0)
  - AppLovinMediationMintegralAdapter (7.6.1.0.0):
    - AppLovinSDK
    - MintegralAdSDK (= 7.6.1)
    - MintegralAdSDK/BidSplashAd (= 7.6.1)
  - AppLovinMediationMyTargetAdapter (5.20.1.1):
    - AppLovinSDK (>= 12.0.0)
    - myTargetSDK (= 5.20.1)
  - AppLovinMediationUnityAdsAdapter (4.11.3.2):
    - AppLovinSDK
    - UnityAds (= 4.11.3)
  - AppLovinMediationVungleAdapter (7.3.0.0):
    - AppLovinSDK
    - VungleAds (= 7.3.0)
  - AppLovinMediationYandexAdapter (5.2.1.0):
    - AppLovinSDK
    - YandexMobileAds (= 5.2.1)
  - AppLovinSDK (12.6.0)
  - Appodeal (3.3.2):
    - Protobuf
    - StackConsentManager (~> 2.0.5)
    - StackIAB (~> 2.6.0)
    - StackModules (~> 1.7.0)
  - AppsFlyer-AdRevenue (6.9.1):
    - AppsFlyerFramework (~> 6)
  - AppsFlyerFramework (6.14.6):
    - AppsFlyerFramework/Main (= 6.14.6)
  - AppsFlyerFramework/Main (6.14.6)
  - BidMachine (2.6.0):
    - BidMachine/Core (= 2.6.0)
  - BidMachine/ApiCore (2.6.0)
  - BidMachine/BiddingCore (2.6.0):
    - BidMachine/ApiCore
    - BidMachineRendering (~> 0.1.0)
    - StackIAB (~> 2.6.0)
    - StackModules (~> 1.7.0)
  - BidMachine/Core (2.6.0):
    - BidMachine/ApiCore
    - BidMachine/BiddingCore
    - BidMachine/ModulesCore
  - BidMachine/ModulesCore (2.6.0):
    - BidMachine/ApiCore
  - BidMachineAmazonAdapter (2.6.0.1):
    - AmazonPublisherServicesSDK (= 4.9.2)
    - BidMachine (~> 2.6.0.0)
  - BidMachineMetaAudienceAdapter (2.6.0.0):
    - BidMachine (~> 2.6.0.0)
    - FBAudienceNetwork (= 6.15.0)
  - BidMachineMintegralAdapter (2.6.0.0):
    - BidMachine (~> 2.6.0.0)
    - MintegralAdSDK (= 7.6.1)
  - BidMachineMyTargetAdapter (2.6.0.0):
    - BidMachine (~> 2.6.0.0)
    - myTargetSDK (= 5.20.1)
  - BidMachinePangleAdapter (2.6.0.0):
    - Ads-Global/BUAdSDK_Compatible (= 5.8.0.8)
    - BidMachine (~> 2.6.0.0)
  - BidMachineRendering (0.1.0):
    - BidMachineRendering/RenderingKit (= 0.1.0)
  - BidMachineRendering/RenderingKit (0.1.0):
    - BidMachineRendering/StoreKit
    - BidMachineRendering/UtilsKit
    - BidMachineRendering/VideoKit
    - BidMachineRendering/WebKit
  - BidMachineRendering/StoreKit (0.1.0):
    - BidMachineRendering/UtilsKit
  - BidMachineRendering/UtilsKit (0.1.0):
    - StackModules (~> 1.7.0)
  - BidMachineRendering/VideoKit (0.1.0):
    - BidMachineRendering/UtilsKit
  - BidMachineRendering/WebKit (0.1.0):
    - BidMachineRendering/UtilsKit
  - BidMachineSmaatoAdapter (2.6.0.0):
    - BidMachine (~> 2.6.0.0)
    - smaato-ios-sdk (= 22.8.2)
    - smaato-ios-sdk/Modules/UnifiedBidding (= 22.8.2)
  - BidMachineVungleAdapter (2.6.0.0):
    - BidMachine (~> 2.6.0.0)
    - VungleAds (= 7.3.0)
  - Bidon (0.6.0)
  - BidonAdapterAmazon (0.6.0.0):
    - AmazonPublisherServicesSDK (~> 4.9.2)
    - Bidon (= 0.6.0)
  - BidonAdapterAppLovin (0.6.0.0):
    - AppLovinSDK
    - Bidon (= 0.6.0)
  - BidonAdapterBidMachine (0.6.0.0):
    - BidMachine (~> 2.6.0)
    - Bidon (= 0.6.0)
  - BidonAdapterBigoAds (0.6.0.0):
    - Bidon (= 0.6.0)
    - BigoADS (~> 4.3.0)
  - BidonAdapterDTExchange (0.6.0.0):
    - Bidon (= 0.6.0)
    - Fyber_Marketplace_SDK (~> 8.3.1)
  - BidonAdapterGoogleAdManager (0.6.0.0):
    - Bidon (= 0.6.0)
    - Google-Mobile-Ads-SDK (~> 11.5.0)
  - BidonAdapterGoogleMobileAds (0.6.0.0):
    - Bidon (= 0.6.0)
    - Google-Mobile-Ads-SDK (~> 11.5.0)
  - BidonAdapterInMobi (0.6.0.0):
    - Bidon (= 0.6.0)
    - InMobiSDK (~> 10.7.1)
  - BidonAdapterMetaAudienceNetwork (0.6.0.0):
    - Bidon (= 0.6.0)
    - FBAudienceNetwork (~> 6.15.0)
  - BidonAdapterMintegral (0.6.0.0):
    - Bidon (= 0.6.0)
    - MintegralAdSDK (~> 7.6.1)
  - BidonAdapterUnityAds (0.6.0.0):
    - Bidon (= 0.6.0)
    - UnityAds (~> 4.11.3)
  - BidonAdapterVungle (0.6.0.0):
    - Bidon (= 0.6.0)
    - VungleAds (~> 7.3.0)
  - BigoADS (4.3.0)
  - BURelyFoundation_Global/AFNetworking (0.2.1.4)
  - BURelyFoundation_Global/APM (0.2.1.4)
  - BURelyFoundation_Global/Foundation (0.2.1.4):
    - BURelyFoundation_Global/NETWork
  - BURelyFoundation_Global/Gecko (0.2.1.4):
    - BURelyFoundation_Global/Foundation
  - BURelyFoundation_Global/Header (0.2.1.4)
  - BURelyFoundation_Global/NETWork (0.2.1.4):
    - BURelyFoundation_Global/AFNetworking
  - BURelyFoundation_Global/Pangle (0.2.1.4):
    - BURelyFoundation_Global/AFNetworking
    - BURelyFoundation_Global/APM
    - BURelyFoundation_Global/Foundation
    - BURelyFoundation_Global/Gecko
    - BURelyFoundation_Global/Header
    - BURelyFoundation_Global/NETWork
    - BURelyFoundation_Global/SDWebImage
    - BURelyFoundation_Global/YYModel
    - BURelyFoundation_Global/ZFPlayer
    - BURelyFoundation_Global/Zip
  - BURelyFoundation_Global/SDWebImage (0.2.1.4):
    - BURelyFoundation_Global/Foundation
  - BURelyFoundation_Global/YYModel (0.2.1.4)
  - BURelyFoundation_Global/ZFPlayer (0.2.1.4):
    - BURelyFoundation_Global/Foundation
    - BURelyFoundation_Global/Zip
  - BURelyFoundation_Global/Zip (0.2.1.4):
    - BURelyFoundation_Global/Foundation
  - FBAEMKit (17.0.2):
    - FBSDKCoreKit_Basics (= 17.0.2)
  - FBAudienceNetwork (6.15.0)
  - FBSDKCoreKit (17.0.2):
    - FBAEMKit (= 17.0.2)
    - FBSDKCoreKit_Basics (= 17.0.2)
  - FBSDKCoreKit_Basics (17.0.2)
  - Firebase/Analytics (10.29.0):
    - Firebase/Core
  - Firebase/Core (10.29.0):
    - Firebase/CoreOnly
    - FirebaseAnalytics (~> 10.29.0)
  - Firebase/CoreOnly (10.29.0):
    - FirebaseCore (= 10.29.0)
  - Firebase/RemoteConfig (10.29.0):
    - Firebase/CoreOnly
    - FirebaseRemoteConfig (~> 10.29.0)
  - FirebaseABTesting (10.29.0):
    - FirebaseCore (~> 10.0)
  - FirebaseAnalytics (10.29.0):
    - FirebaseAnalytics/AdIdSupport (= 10.29.0)
    - FirebaseCore (~> 10.0)
    - FirebaseInstallations (~> 10.0)
    - GoogleUtilities/AppDelegateSwizzler (~> 7.11)
    - GoogleUtilities/MethodSwizzler (~> 7.11)
    - GoogleUtilities/Network (~> 7.11)
    - "GoogleUtilities/NSData+zlib (~> 7.11)"
    - nanopb (< 2.30911.0, >= 2.30908.0)
  - FirebaseAnalytics/AdIdSupport (10.29.0):
    - FirebaseCore (~> 10.0)
    - FirebaseInstallations (~> 10.0)
    - GoogleAppMeasurement (= 10.29.0)
    - GoogleUtilities/AppDelegateSwizzler (~> 7.11)
    - GoogleUtilities/MethodSwizzler (~> 7.11)
    - GoogleUtilities/Network (~> 7.11)
    - "GoogleUtilities/NSData+zlib (~> 7.11)"
    - nanopb (< 2.30911.0, >= 2.30908.0)
  - FirebaseCore (10.29.0):
    - FirebaseCoreInternal (~> 10.0)
    - GoogleUtilities/Environment (~> 7.12)
    - GoogleUtilities/Logger (~> 7.12)
  - FirebaseCoreInternal (10.29.0):
    - "GoogleUtilities/NSData+zlib (~> 7.8)"
  - FirebaseInstallations (10.29.0):
    - FirebaseCore (~> 10.0)
    - GoogleUtilities/Environment (~> 7.8)
    - GoogleUtilities/UserDefaults (~> 7.8)
    - PromisesObjC (~> 2.1)
  - FirebaseRemoteConfig (10.29.0):
    - FirebaseABTesting (~> 10.0)
    - FirebaseCore (~> 10.0)
    - FirebaseInstallations (~> 10.0)
    - FirebaseRemoteConfigInterop (~> 10.23)
    - FirebaseSharedSwift (~> 10.0)
    - GoogleUtilities/Environment (~> 7.8)
    - "GoogleUtilities/NSData+zlib (~> 7.8)"
  - FirebaseRemoteConfigInterop (10.29.0)
  - FirebaseSharedSwift (10.29.0)
  - Fyber_Marketplace_SDK (8.3.1)
  - Google-Mobile-Ads-SDK (11.5.0):
    - GoogleUserMessagingPlatform (>= 1.1)
  - GoogleAppMeasurement (10.29.0):
    - GoogleAppMeasurement/AdIdSupport (= 10.29.0)
    - GoogleUtilities/AppDelegateSwizzler (~> 7.11)
    - GoogleUtilities/MethodSwizzler (~> 7.11)
    - GoogleUtilities/Network (~> 7.11)
    - "GoogleUtilities/NSData+zlib (~> 7.11)"
    - nanopb (< 2.30911.0, >= 2.30908.0)
  - GoogleAppMeasurement/AdIdSupport (10.29.0):
    - GoogleAppMeasurement/WithoutAdIdSupport (= 10.29.0)
    - GoogleUtilities/AppDelegateSwizzler (~> 7.11)
    - GoogleUtilities/MethodSwizzler (~> 7.11)
    - GoogleUtilities/Network (~> 7.11)
    - "GoogleUtilities/NSData+zlib (~> 7.11)"
    - nanopb (< 2.30911.0, >= 2.30908.0)
  - GoogleAppMeasurement/WithoutAdIdSupport (10.29.0):
    - GoogleUtilities/AppDelegateSwizzler (~> 7.11)
    - GoogleUtilities/MethodSwizzler (~> 7.11)
    - GoogleUtilities/Network (~> 7.11)
    - "GoogleUtilities/NSData+zlib (~> 7.11)"
    - nanopb (< 2.30911.0, >= 2.30908.0)
  - GoogleUserMessagingPlatform (2.5.0)
  - GoogleUtilities (7.13.3):
    - GoogleUtilities/AppDelegateSwizzler (= 7.13.3)
    - GoogleUtilities/Environment (= 7.13.3)
    - GoogleUtilities/ISASwizzler (= 7.13.3)
    - GoogleUtilities/Logger (= 7.13.3)
    - GoogleUtilities/MethodSwizzler (= 7.13.3)
    - GoogleUtilities/Network (= 7.13.3)
    - "GoogleUtilities/NSData+zlib (= 7.13.3)"
    - GoogleUtilities/Privacy (= 7.13.3)
    - GoogleUtilities/Reachability (= 7.13.3)
    - GoogleUtilities/SwizzlerTestHelpers (= 7.13.3)
    - GoogleUtilities/UserDefaults (= 7.13.3)
  - GoogleUtilities/AppDelegateSwizzler (7.13.3):
    - GoogleUtilities/Environment
    - GoogleUtilities/Logger
    - GoogleUtilities/Network
    - GoogleUtilities/Privacy
  - GoogleUtilities/Environment (7.13.3):
    - GoogleUtilities/Privacy
    - PromisesObjC (< 3.0, >= 1.2)
  - GoogleUtilities/ISASwizzler (7.13.3):
    - GoogleUtilities/Privacy
  - GoogleUtilities/Logger (7.13.3):
    - GoogleUtilities/Environment
    - GoogleUtilities/Privacy
  - GoogleUtilities/MethodSwizzler (7.13.3):
    - GoogleUtilities/Logger
    - GoogleUtilities/Privacy
  - GoogleUtilities/Network (7.13.3):
    - GoogleUtilities/Logger
    - "GoogleUtilities/NSData+zlib"
    - GoogleUtilities/Privacy
    - GoogleUtilities/Reachability
  - "GoogleUtilities/NSData+zlib (7.13.3)":
    - GoogleUtilities/Privacy
  - GoogleUtilities/Privacy (7.13.3)
  - GoogleUtilities/Reachability (7.13.3):
    - GoogleUtilities/Logger
    - GoogleUtilities/Privacy
  - GoogleUtilities/SwizzlerTestHelpers (7.13.3):
    - GoogleUtilities/MethodSwizzler
  - GoogleUtilities/UserDefaults (7.13.3):
    - GoogleUtilities/Logger
    - GoogleUtilities/Privacy
  - InMobiSDK (10.7.5)
  - IronSourceSDK (8.1.0.0)
  - MintegralAdSDK (7.6.1):
    - MintegralAdSDK/BannerAd (= 7.6.1)
    - MintegralAdSDK/BidBannerAd (= 7.6.1)
    - MintegralAdSDK/BidInterstitialVideoAd (= 7.6.1)
    - MintegralAdSDK/BidNativeAd (= 7.6.1)
    - MintegralAdSDK/BidNewInterstitialAd (= 7.6.1)
    - MintegralAdSDK/BidRewardVideoAd (= 7.6.1)
    - MintegralAdSDK/InterstitialVideoAd (= 7.6.1)
    - MintegralAdSDK/NativeAd (= 7.6.1)
    - MintegralAdSDK/NewInterstitialAd (= 7.6.1)
    - MintegralAdSDK/RewardVideoAd (= 7.6.1)
  - MintegralAdSDK/BannerAd (7.6.1):
    - MintegralAdSDK/NativeAd
  - MintegralAdSDK/BidBannerAd (7.6.1):
    - MintegralAdSDK/BannerAd
    - MintegralAdSDK/BidNativeAd
  - MintegralAdSDK/BidInterstitialVideoAd (7.6.1):
    - MintegralAdSDK/BidNativeAd
    - MintegralAdSDK/InterstitialVideoAd
  - MintegralAdSDK/BidNativeAd (7.6.1):
    - MintegralAdSDK/NativeAd
  - MintegralAdSDK/BidNewInterstitialAd (7.6.1):
    - MintegralAdSDK/BidNativeAd
    - MintegralAdSDK/NewInterstitialAd
  - MintegralAdSDK/BidRewardVideoAd (7.6.1):
    - MintegralAdSDK/BidNativeAd
    - MintegralAdSDK/RewardVideoAd
  - MintegralAdSDK/BidSplashAd (7.6.1):
    - MintegralAdSDK/BidNativeAd
    - MintegralAdSDK/SplashAd
  - MintegralAdSDK/InterstitialVideoAd (7.6.1):
    - MintegralAdSDK/NativeAd
  - MintegralAdSDK/NativeAd (7.6.1)
  - MintegralAdSDK/NewInterstitialAd (7.6.1):
    - MintegralAdSDK/InterstitialVideoAd
    - MintegralAdSDK/NativeAd
  - MintegralAdSDK/RewardVideoAd (7.6.1):
    - MintegralAdSDK/NativeAd
  - MintegralAdSDK/SplashAd (7.6.1):
    - MintegralAdSDK/NativeAd
  - myTargetSDK (5.20.1):
    - myTrackerSDK (~> 3.1.1)
  - myTrackerSDK (3.1.7)
  - nanopb (2.30910.0):
    - nanopb/decode (= 2.30910.0)
    - nanopb/encode (= 2.30910.0)
  - nanopb/decode (2.30910.0)
  - nanopb/encode (2.30910.0)
  - OMSDK_Appodeal (1.4.12)
  - PromisesObjC (2.4.0)
  - Protobuf (3.27.2)
  - Sentry (8.21.0):
    - Sentry/Core (= 8.21.0)
    - SentryPrivate (= 8.21.0)
  - Sentry/Core (8.21.0):
    - SentryPrivate (= 8.21.0)
  - SentryPrivate (8.21.0)
  - smaato-ios-sdk (22.8.2):
    - smaato-ios-sdk/Full (= 22.8.2)
  - smaato-ios-sdk/Banner (22.8.2):
    - smaato-ios-sdk/Modules/Banner
    - smaato-ios-sdk/Modules/Core
    - smaato-ios-sdk/Modules/RichMedia
  - smaato-ios-sdk/Full (22.8.2):
    - smaato-ios-sdk/Banner
    - smaato-ios-sdk/Interstitial
    - smaato-ios-sdk/Native
    - smaato-ios-sdk/Outstream
    - smaato-ios-sdk/RewardedAds
  - smaato-ios-sdk/Interstitial (22.8.2):
    - smaato-ios-sdk/Modules/Interstitial
    - smaato-ios-sdk/Modules/RichMedia
    - smaato-ios-sdk/Modules/Video
  - smaato-ios-sdk/Modules/Banner (22.8.2):
    - smaato-ios-sdk/Modules/Core
  - smaato-ios-sdk/Modules/Core (22.8.2)
  - smaato-ios-sdk/Modules/Interstitial (22.8.2):
    - smaato-ios-sdk/Modules/Core
  - smaato-ios-sdk/Modules/Native (22.8.2):
    - smaato-ios-sdk/Modules/Core
  - smaato-ios-sdk/Modules/OpenMeasurement (22.8.2):
    - smaato-ios-sdk/Modules/Core
  - smaato-ios-sdk/Modules/Outstream (22.8.2):
    - smaato-ios-sdk/Modules/Banner
    - smaato-ios-sdk/Modules/Core
    - smaato-ios-sdk/Modules/RichMedia
  - smaato-ios-sdk/Modules/RewardedAds (22.8.2):
    - smaato-ios-sdk/Modules/Core
  - smaato-ios-sdk/Modules/RichMedia (22.8.2):
    - smaato-ios-sdk/Modules/Core
    - smaato-ios-sdk/Modules/OpenMeasurement
  - smaato-ios-sdk/Modules/UnifiedBidding (22.8.2):
    - smaato-ios-sdk/Modules/Core
  - smaato-ios-sdk/Modules/Video (22.8.2):
    - smaato-ios-sdk/Modules/Core
    - smaato-ios-sdk/Modules/OpenMeasurement
  - smaato-ios-sdk/Native (22.8.2):
    - smaato-ios-sdk/Modules/Core
    - smaato-ios-sdk/Modules/Native
  - smaato-ios-sdk/Outstream (22.8.2):
    - smaato-ios-sdk/Modules/Outstream
  - smaato-ios-sdk/RewardedAds (22.8.2):
    - smaato-ios-sdk/Modules/RewardedAds
    - smaato-ios-sdk/Modules/Video
  - StackConsentManager (2.0.5):
    - GoogleUserMessagingPlatform (~> 2.1)
  - StackIAB (2.6.0):
    - StackIAB/StackIABAssets (= 2.6.0)
    - StackIAB/StackMRAIDKit (= 2.6.0)
    - StackIAB/StackNASTKit (= 2.6.0)
    - StackIAB/StackOpenMeasure (= 2.6.0)
    - StackIAB/StackRichMedia (= 2.6.0)
    - StackIAB/StackVASTAssets (= 2.6.0)
    - StackIAB/StackVASTKit (= 2.6.0)
    - StackIAB/StackVideoPlayer (= 2.6.0)
    - StackIAB/StackXML (= 2.6.0)
    - StackModules (~> 1.7.0)
  - StackIAB/StackIABAssets (2.6.0):
    - StackModules (~> 1.7.0)
  - StackIAB/StackMRAIDKit (2.6.0):
    - StackIAB/StackIABAssets
    - StackIAB/StackOpenMeasure
    - StackModules (~> 1.7.0)
  - StackIAB/StackNASTKit (2.6.0):
    - StackIAB/StackVASTKit
    - StackModules (~> 1.7.0)
  - StackIAB/StackOpenMeasure (2.6.0):
    - OMSDK_Appodeal (~> 1.4.12)
    - StackModules (~> 1.7.0)
  - StackIAB/StackRichMedia (2.6.0):
    - StackIAB/StackIABAssets
    - StackIAB/StackVASTAssets
    - StackIAB/StackVideoPlayer
    - StackModules (~> 1.7.0)
  - StackIAB/StackVASTAssets (2.6.0):
    - StackIAB/StackIABAssets
    - StackIAB/StackXML
    - StackModules (~> 1.7.0)
  - StackIAB/StackVASTKit (2.6.0):
    - StackIAB/StackMRAIDKit
    - StackIAB/StackVASTAssets
    - StackIAB/StackVideoPlayer
    - StackModules (~> 1.7.0)
  - StackIAB/StackVideoPlayer (2.6.0):
    - StackModules (~> 1.7.0)
  - StackIAB/StackXML (2.6.0):
    - StackModules (~> 1.7.0)
  - StackModules (1.7.3):
    - StackModules/StackProductPresentation (= 1.7.3)
  - StackModules/StackFoundation (1.7.3)
  - StackModules/StackProductPresentation (1.7.3):
    - StackModules/StackUIKit
  - StackModules/StackUIKit (1.7.3):
    - StackModules/StackFoundation
  - UnityAds (4.11.3)
  - VungleAds (7.3.0)
  - YandexMobileAds (5.2.1):
    - YandexMobileAds/Static (= 5.2.1)
  - YandexMobileAds/Static (5.2.1):
    - YandexMobileMetrica (< 5.0.0, >= 4.0.0)
  - YandexMobileMetrica (4.5.2):
    - YandexMobileMetrica/Static (= 4.5.2)
  - YandexMobileMetrica/Static (4.5.2):
    - YandexMobileMetrica/Static/Core (= 4.5.2)
    - YandexMobileMetrica/Static/Crashes (= 4.5.2)
  - YandexMobileMetrica/Static/Core (4.5.2)
  - YandexMobileMetrica/Static/Crashes (4.5.2):
    - YandexMobileMetrica/Static/Core

DEPENDENCIES:
  - AmazonPublisherServicesSDK (= 4.9.2)
  - APDAdjustAdapter (= 3.3.2.0)
  - APDAmazonAdapter (= 3.3.2.0)
  - APDAppLovinAdapter (= 3.3.2.0)
  - APDAppLovinMAXAdapter (= 3.3.2.0)
  - APDAppsFlyerAdapter (= 3.3.2.0)
  - APDBidMachineAdapter (= 3.3.2.0)
  - APDBidonAdapter (= 3.3.2.0)
  - APDBigoAdsAdapter (= 3.3.2.0)
  - APDDTExchangeAdapter (= 3.3.2.0)
  - APDFacebookAdapter (= 3.3.2.0)
  - APDFirebaseAdapter (= 3.3.2.0)
  - APDGoogleAdMobAdapter (= 3.3.2.0)
  - APDIABAdapter (= 3.3.2.0)
  - APDInMobiAdapter (= 3.3.2.0)
  - APDIronSourceAdapter (= 3.3.2.0)
  - APDMetaAudienceNetworkAdapter (= 3.3.2.0)
  - APDMintegralAdapter (= 3.3.2.0)
  - APDMyTargetAdapter (= 3.3.2.0)
  - APDPangleAdapter (= 3.3.2.0)
  - APDSentryAdapter (= 3.3.2.0)
  - APDSmaatoAdapter (= 3.3.2.0)
  - APDUnityAdapter (= 3.3.2.0)
  - APDVungleAdapter (= 3.3.2.0)
  - APDYandexAdapter (= 3.3.2.0)
  - AppLovinMediationAmazonAdMarketplaceAdapter
  - AppLovinMediationBidMachineAdapter
  - AppLovinMediationFacebookAdapter
  - AppLovinMediationFyberAdapter
  - AppLovinMediationGoogleAdapter
  - AppLovinMediationGoogleAdManagerAdapter
  - AppLovinMediationInMobiAdapter
  - AppLovinMediationIronSourceAdapter
  - AppLovinMediationMintegralAdapter
  - AppLovinMediationMyTargetAdapter
  - AppLovinMediationUnityAdsAdapter
  - AppLovinMediationVungleAdapter
  - AppLovinMediationYandexAdapter
  - Appodeal (= 3.3.2)
  - BidMachineAmazonAdapter
  - BidMachineMetaAudienceAdapter (= 2.6.0.0)
  - BidMachineMintegralAdapter (= 2.6.0.0)
  - BidMachineMyTargetAdapter (= 2.6.0.0)
  - BidMachinePangleAdapter (= 2.6.0.0)
  - BidMachineSmaatoAdapter (= 2.6.0.0)
  - BidMachineVungleAdapter (= 2.6.0.0)
  - BidonAdapterAmazon (= 0.6.0.0)
  - BidonAdapterAppLovin (= 0.6.0.0)
  - BidonAdapterBidMachine (= 0.6.0.0)
  - BidonAdapterBigoAds (= 0.6.0.0)
  - BidonAdapterDTExchange (= 0.6.0.0)
  - BidonAdapterGoogleAdManager (= 0.6.0.0)
  - BidonAdapterGoogleMobileAds (= 0.6.0.0)
  - BidonAdapterInMobi (= 0.6.0.0)
  - BidonAdapterMetaAudienceNetwork (= 0.6.0.0)
  - BidonAdapterMintegral (= 0.6.0.0)
  - BidonAdapterUnityAds (= 0.6.0.0)
  - BidonAdapterVungle (= 0.6.0.0)

SPEC REPOS:
  https://github.com/appodeal/CocoaPods.git:
    - AdjustPurchase
    - APDAdjustAdapter
    - APDAmazonAdapter
    - APDAppLovinAdapter
    - APDAppLovinMAXAdapter
    - APDAppsFlyerAdapter
    - APDBidMachineAdapter
    - APDBidonAdapter
    - APDBigoAdsAdapter
    - APDDTExchangeAdapter
    - APDFacebookAdapter
    - APDFirebaseAdapter
    - APDGoogleAdMobAdapter
    - APDIABAdapter
    - APDInMobiAdapter
    - APDIronSourceAdapter
    - APDMetaAudienceNetworkAdapter
    - APDMintegralAdapter
    - APDMyTargetAdapter
    - APDPangleAdapter
    - APDSentryAdapter
    - APDSmaatoAdapter
    - APDUnityAdapter
    - APDVungleAdapter
    - APDYandexAdapter
    - Appodeal
    - BidMachine
    - BidMachineAmazonAdapter
    - BidMachineMetaAudienceAdapter
    - BidMachineMintegralAdapter
    - BidMachineMyTargetAdapter
    - BidMachinePangleAdapter
    - BidMachineRendering
    - BidMachineSmaatoAdapter
    - BidMachineVungleAdapter
    - OMSDK_Appodeal
    - StackConsentManager
    - StackIAB
    - StackModules
  https://github.com/bidon-io/CocoaPods_Specs.git:
    - Bidon
    - BidonAdapterAmazon
    - BidonAdapterAppLovin
    - BidonAdapterBidMachine
    - BidonAdapterBigoAds
    - BidonAdapterDTExchange
    - BidonAdapterGoogleAdManager
    - BidonAdapterGoogleMobileAds
    - BidonAdapterInMobi
    - BidonAdapterMetaAudienceNetwork
    - BidonAdapterMintegral
    - BidonAdapterUnityAds
    - BidonAdapterVungle
  trunk:
    - Adjust
    - Ads-Global
    - AmazonPublisherServicesSDK
    - AppLovinMediationAmazonAdMarketplaceAdapter
    - AppLovinMediationBidMachineAdapter
    - AppLovinMediationFacebookAdapter
    - AppLovinMediationFyberAdapter
    - AppLovinMediationGoogleAdapter
    - AppLovinMediationGoogleAdManagerAdapter
    - AppLovinMediationInMobiAdapter
    - AppLovinMediationIronSourceAdapter
    - AppLovinMediationMintegralAdapter
    - AppLovinMediationMyTargetAdapter
    - AppLovinMediationUnityAdsAdapter
    - AppLovinMediationVungleAdapter
    - AppLovinMediationYandexAdapter
    - AppLovinSDK
    - AppsFlyer-AdRevenue
    - AppsFlyerFramework
    - BidMachine
    - BigoADS
    - BURelyFoundation_Global
    - FBAEMKit
    - FBAudienceNetwork
    - FBSDKCoreKit
    - FBSDKCoreKit_Basics
    - Firebase
    - FirebaseABTesting
    - FirebaseAnalytics
    - FirebaseCore
    - FirebaseCoreInternal
    - FirebaseInstallations
    - FirebaseRemoteConfig
    - FirebaseRemoteConfigInterop
    - FirebaseSharedSwift
    - Fyber_Marketplace_SDK
    - Google-Mobile-Ads-SDK
    - GoogleAppMeasurement
    - GoogleUserMessagingPlatform
    - GoogleUtilities
    - InMobiSDK
    - IronSourceSDK
    - MintegralAdSDK
    - myTargetSDK
    - myTrackerSDK
    - nanopb
    - PromisesObjC
    - Protobuf
    - Sentry
    - SentryPrivate
    - smaato-ios-sdk
    - UnityAds
    - VungleAds
    - YandexMobileAds
    - YandexMobileMetrica

SPEC CHECKSUMS:
  Adjust: afda46df69f035fd216310fb85f399c40c61830a
  AdjustPurchase: a6688375a589f10a455adb9217c7de55eba93d63
  Ads-Global: b2f2943acdeedeae08aa9dce19706e1edbbd5442
  AmazonPublisherServicesSDK: 3ccd81a70c200022af6b01838b3428bc064da035
  APDAdjustAdapter: 394986c2d61f2ead67da5797d376a9fc689dcae0
  APDAmazonAdapter: 96e6eedb0d2ac70542e6eaf130c718817572f9c0
  APDAppLovinAdapter: 9d51e80b5f0420600bbe659a54b0509f8b0525ce
  APDAppLovinMAXAdapter: 059950cd32f6e71863be891f680945d12e30a03f
  APDAppsFlyerAdapter: c730de211bbbeb0f54148608e8d13b22d07a82fa
  APDBidMachineAdapter: b59e7839efe19349367f4f6e83702fda5d463242
  APDBidonAdapter: 52679ea6f0971b7af334ea3bf769d40046376575
  APDBigoAdsAdapter: 12a6706b4b4c856c55bb1fcbe112d99d569e22cd
  APDDTExchangeAdapter: f93ede9eef9fbd933b545814b6fa923b88cdcbbd
  APDFacebookAdapter: 2c82e9346785c84c9e9b585fe42ed6adfc5376a2
  APDFirebaseAdapter: 45fc80ce4160458f76f7626ba89d225bc9163155
  APDGoogleAdMobAdapter: efe11ce3295cd04aba0e6f683870517af349e8c3
  APDIABAdapter: 0852ae71c29d6a6c2352a200a10a58f574c010ee
  APDInMobiAdapter: 71791e8e2476735975809d804af76d5e70b9a3c0
  APDIronSourceAdapter: 48cffdaf038809d8305d239957d2a6de9fc144ca
  APDMetaAudienceNetworkAdapter: 6f92787cca2702cf06aebdddd0debdb1a020c24f
  APDMintegralAdapter: fa928e8136e3fd1d2699dadaeeeb8d6c961a21fe
  APDMyTargetAdapter: 43c0664b2eb538421b57654626f77670ef17950b
  APDPangleAdapter: 610525776eb4b8e5fe8fcc92be952962e7b3d815
  APDSentryAdapter: 5b4591b620c42dba07b2595a05e02c82a1886145
  APDSmaatoAdapter: 47b2f2a8919ec6df18af6e6997f014a6deddd1f0
  APDUnityAdapter: d406c0deb22fdb53cba396d9c2bb885c094ec050
  APDVungleAdapter: 398ed0bb4255fcf7f27d01ebfb8eafe8d131c2a9
  APDYandexAdapter: 13b5eceeeddfd54c8e0e3f3715957ad7e129a61c
  AppLovinMediationAmazonAdMarketplaceAdapter: ca2bdcf8291382a54f268e21d8a1d2300df0697d
  AppLovinMediationBidMachineAdapter: 811ac62fed639592865c35d4442e6f98d7de386f
  AppLovinMediationFacebookAdapter: 30ddfcb09c1c9ff6778ba974f58e8f3204e6eebc
  AppLovinMediationFyberAdapter: 2e4e734c6dbcd37f4454d73c2313d98fc8a6c085
  AppLovinMediationGoogleAdapter: d6edc1d9176be45cac0811c76e8fd3eea470bd71
  AppLovinMediationGoogleAdManagerAdapter: 8902d8bd20ba7fca78526c86d091497a1b563f93
  AppLovinMediationInMobiAdapter: 243dfe62770bda5925167f100fb81c4a3414c035
  AppLovinMediationIronSourceAdapter: 1bde6ead7f3099e4c6da8142ef05d25eb8d7d0b8
  AppLovinMediationMintegralAdapter: 0a087606f73a8b888468be232f64ea0c359e478d
  AppLovinMediationMyTargetAdapter: d355b11245a385d32fda90bb3c3549b25b0c8a1f
  AppLovinMediationUnityAdsAdapter: eb88688cc3fa939c8e040e08446b644b6d30c2d2
  AppLovinMediationVungleAdapter: d53b0198c78c72299b3d59040d28e9d82b9c79f6
  AppLovinMediationYandexAdapter: 959c5e6d0df3b20d3cb7ecc2336a718ab51aa6be
  AppLovinSDK: 76c1f378b8492110a197c288ea4907930d703829
  Appodeal: f95211c1f30f33b9f3e278ca6dc662a9d2417c60
  AppsFlyer-AdRevenue: a38170b0b59f74cd07c7a9b91ee026f147b5c968
  AppsFlyerFramework: bef4087719ce689835bbf408c61e2bcc5d4b8bd8
  BidMachine: 0b8db210548335b06633a9435d0d20166e9fa206
  BidMachineAmazonAdapter: c00a220afe35bd0d45474205cee2ee31735d003a
  BidMachineMetaAudienceAdapter: 42431d929af223384ccd3ec74a877364b0c8548b
  BidMachineMintegralAdapter: 93f3b62bc12d2d90019c2f9c2a1401c10e9f7792
  BidMachineMyTargetAdapter: 32df26b01f25797928a13672ca1c8deb7fa0069b
  BidMachinePangleAdapter: 1baece667ad444ba6b0c4c2aba823a8a73824bfe
  BidMachineRendering: e8c4005b94b483315d9ded92d82ce571698b1374
  BidMachineSmaatoAdapter: 84b2f0bb5cc0133504b932a75b9a591dfbf4765c
  BidMachineVungleAdapter: 0d5753175651fa5a3b74e99689eccaff4a1c6694
  Bidon: 683c80cd20b11e618cb7327ff2cb8591dbe52e00
  BidonAdapterAmazon: 86040c80f1a119c6bf7ec0d1402893d9faceb063
  BidonAdapterAppLovin: ec210b8e2eabb988a3c9167d337f16fb17fbf455
  BidonAdapterBidMachine: 313ddf7f4ab84edc2807727a1fa5d42aab30e6f3
  BidonAdapterBigoAds: 29cce8addf078ee1597da145c06d7b71b52c4582
  BidonAdapterDTExchange: e63530c1112d1a916ae1debce0ba71e99785d039
  BidonAdapterGoogleAdManager: b06e0051554d7177ffc31c959e7cd90f1f22abf1
  BidonAdapterGoogleMobileAds: d5ec8a85d6366748fe60d97b51920c0cc0466de8
  BidonAdapterInMobi: 71a55436fc20e7dd6f525b4bd83847c6a0854b61
  BidonAdapterMetaAudienceNetwork: 2175b208f596b66955cfe9d02459af63d2114166
  BidonAdapterMintegral: 93407271040e293ec25789a6148ec9c7391b7171
  BidonAdapterUnityAds: 4e4e8f31b748d41e55190483722c0634909308cc
  BidonAdapterVungle: eaf075e4432af312d93cf345083c556e63751b38
  BigoADS: 017654927491e2ff6421ab958048c0ef82979534
  BURelyFoundation_Global: 17ed9cd58d138feefd8c0711dd3294766adcb28e
  FBAEMKit: 619f96ea65427e8afca240d5b0f4703738dfdf5c
  FBAudienceNetwork: 80a035aa69cc3a71c99e44cb5c2874e4cef9909f
  FBSDKCoreKit: a5f384db2e9ee84e98494fed8f983d2bd79accff
  FBSDKCoreKit_Basics: d35c775aaf243a2d731dfae7be3a74b1987285ab
  Firebase: cec914dab6fd7b1bd8ab56ea07ce4e03dd251c2d
  FirebaseABTesting: d87f56707159bae64e269757a6e963d490f2eebe
  FirebaseAnalytics: 23717de130b779aa506e757edb9713d24b6ffeda
  FirebaseCore: 30e9c1cbe3d38f5f5e75f48bfcea87d7c358ec16
  FirebaseCoreInternal: df84dd300b561c27d5571684f389bf60b0a5c934
  FirebaseInstallations: 913cf60d0400ebd5d6b63a28b290372ab44590dd
  FirebaseRemoteConfig: 48ef3f243742a8d72422ccfc9f986e19d7de53fd
  FirebaseRemoteConfigInterop: 6efda51fb5e2f15b16585197e26eaa09574e8a4d
  FirebaseSharedSwift: 20530f495084b8d840f78a100d8c5ee613375f6e
  Fyber_Marketplace_SDK: 23285d363d7a56d77e97a9699685885069deb3f7
  Google-Mobile-Ads-SDK: 7db2098033ad3bfcd72a11e7503b49700a93029e
  GoogleAppMeasurement: f9de05ee17401e3355f68e8fc8b5064d429f5918
  GoogleUserMessagingPlatform: 6b4f48a370e77ce121d034c908cc6ee4fdafaf13
  GoogleUtilities: ea963c370a38a8069cc5f7ba4ca849a60b6d7d15
  InMobiSDK: 728c861e41cd738eaf0a26b87f0e3f945e8c5602
  IronSourceSDK: f4380fe08a2bfa1cd37c26948fcfd2585a0493a2
  MintegralAdSDK: b9561720d5f78df3b4c84549905117b2f3789d26
  myTargetSDK: affba499915fed67642f39e3ecebe235441cf278
  myTrackerSDK: 437c4e215b37a6eb3a38f2a07b6c4c58b59215f9
  nanopb: 438bc412db1928dac798aa6fd75726007be04262
  OMSDK_Appodeal: 488b1094f7ba13129caaa1b7b6d6d08a794301af
  PromisesObjC: f5707f49cb48b9636751c5b2e7d227e43fba9f47
  Protobuf: fb2c13674723f76ff6eede14f78847a776455fa2
  Sentry: ebc12276bd17613a114ab359074096b6b3725203
  SentryPrivate: d651efb234cf385ec9a1cdd3eff94b5e78a0e0fe
  smaato-ios-sdk: 67ba540eb7564f4df6f15cd1f6fb1db3db5a600c
  StackConsentManager: 3f03656a53224b08149dbc66ef9f4153f0f68c44
  StackIAB: 3127eb14106c86f5eaeaf98d2fb3de71a1dff8d4
  StackModules: d07cef20468293452184c2ee01f93e730e6ee5ad
  UnityAds: 4c2dbd3e82778b536b0bad23b640c16aae91dbb1
  VungleAds: c7bf642b4a4581177b5c76042423a21d8c32ef1e
  YandexMobileAds: 3d7708df615f92815a3acedf9869da46d0b4d65e
  YandexMobileMetrica: f5368ee93f286c793d73b58da00929babfc897c1

PODFILE CHECKSUM: 7f2a1bae24c005d6d92af77e1fda4b0ad62d71e1

COCOAPODS: 1.15.2
