// !$*UTF8*$!
{
	archiveVersion = 1;
	classes = {
	};
	objectVersion = 46;
	objects = {

/* Begin PBXBuildFile section */
		033043611EE6AA8100FBF3E4 /* InterstitialViewController.swift in Sources */ = {isa = PBXBuildFile; fileRef = 033043601EE6AA8100FBF3E4 /* InterstitialViewController.swift */; };
		033043741EE6BD7000FBF3E4 /* RewardedVideoViewController.swift in Sources */ = {isa = PBXBuildFile; fileRef = 033043731EE6BD7000FBF3E4 /* RewardedVideoViewController.swift */; };
		033043771EE6BF2A00FBF3E4 /* StaticBannerViewController.swift in Sources */ = {isa = PBXBuildFile; fileRef = 033043761EE6BF2A00FBF3E4 /* StaticBannerViewController.swift */; };
		0330437A1EE6C1B000FBF3E4 /* CustomBannerViewController.swift in Sources */ = {isa = PBXBuildFile; fileRef = 033043791EE6C1B000FBF3E4 /* CustomBannerViewController.swift */; };
		033043811EE6C89800FBF3E4 /* Assets.xcassets in Resources */ = {isa = PBXBuildFile; fileRef = 033043801EE6C89800FBF3E4 /* Assets.xcassets */; };
		03BB6E071EE7D98C007638E2 /* Swift.storyboard in Resources */ = {isa = PBXBuildFile; fileRef = 03BB6E051EE7D98C007638E2 /* Swift.storyboard */; };
		03DBE1431EE69DFA00549332 /* AppDelegate.swift in Sources */ = {isa = PBXBuildFile; fileRef = 03DBE1421EE69DFA00549332 /* AppDelegate.swift */; };
		03DBE14D1EE69DFA00549332 /* LaunchScreen.storyboard in Resources */ = {isa = PBXBuildFile; fileRef = 03DBE14B1EE69DFA00549332 /* LaunchScreen.storyboard */; };
		B95571D5202B2A45008A16D4 /* NativeView.swift in Sources */ = {isa = PBXBuildFile; fileRef = B95571D4202B2A45008A16D4 /* NativeView.swift */; };
		B95571D7202B30E6008A16D4 /* NativeViewController.swift in Sources */ = {isa = PBXBuildFile; fileRef = B95571D6202B30E6008A16D4 /* NativeViewController.swift */; };
		B9CC73C2202C581E005EA2A7 /* Native.xib in Resources */ = {isa = PBXBuildFile; fileRef = B9CC73C0202C581E005EA2A7 /* Native.xib */; };
		B9CDF1E1205676EB00925C5B /* RootViewController.swift in Sources */ = {isa = PBXBuildFile; fileRef = B9CDF1E0205676EA00925C5B /* RootViewController.swift */; };
		B9CDF1E32056770A00925C5B /* RoundButton.swift in Sources */ = {isa = PBXBuildFile; fileRef = B9CDF1E22056770A00925C5B /* RoundButton.swift */; };
		BC9A0EBF714441F738441ACE /* Pods_AppodealSwiftDemo.framework in Frameworks */ = {isa = PBXBuildFile; fileRef = FF5DD4BF9B97C2E3C82F30B8 /* Pods_AppodealSwiftDemo.framework */; };
/* End PBXBuildFile section */

/* Begin PBXCopyFilesBuildPhase section */
		42D84693229FDC5A00D36F34 /* Embed Frameworks */ = {
			isa = PBXCopyFilesBuildPhase;
			buildActionMask = 2147483647;
			dstPath = "";
			dstSubfolderSpec = 10;
			files = (
			);
			name = "Embed Frameworks";
			runOnlyForDeploymentPostprocessing = 0;
		};
/* End PBXCopyFilesBuildPhase section */

/* Begin PBXFileReference section */
		033043601EE6AA8100FBF3E4 /* InterstitialViewController.swift */ = {isa = PBXFileReference; fileEncoding = 4; lastKnownFileType = sourcecode.swift; path = InterstitialViewController.swift; sourceTree = "<group>"; };
		033043731EE6BD7000FBF3E4 /* RewardedVideoViewController.swift */ = {isa = PBXFileReference; fileEncoding = 4; lastKnownFileType = sourcecode.swift; path = RewardedVideoViewController.swift; sourceTree = "<group>"; };
		033043761EE6BF2A00FBF3E4 /* StaticBannerViewController.swift */ = {isa = PBXFileReference; fileEncoding = 4; lastKnownFileType = sourcecode.swift; path = StaticBannerViewController.swift; sourceTree = "<group>"; };
		033043791EE6C1B000FBF3E4 /* CustomBannerViewController.swift */ = {isa = PBXFileReference; fileEncoding = 4; lastKnownFileType = sourcecode.swift; path = CustomBannerViewController.swift; sourceTree = "<group>"; };
		033043801EE6C89800FBF3E4 /* Assets.xcassets */ = {isa = PBXFileReference; lastKnownFileType = folder.assetcatalog; path = Assets.xcassets; sourceTree = "<group>"; };
		033043821EE6C8BF00FBF3E4 /* Info.plist */ = {isa = PBXFileReference; fileEncoding = 4; lastKnownFileType = text.plist.xml; path = Info.plist; sourceTree = "<group>"; };
		0357C3671EE69F1200870D61 /* AdSupport.framework */ = {isa = PBXFileReference; lastKnownFileType = wrapper.framework; name = AdSupport.framework; path = System/Library/Frameworks/AdSupport.framework; sourceTree = SDKROOT; };
		0357C3691EE69F1800870D61 /* AudioToolbox.framework */ = {isa = PBXFileReference; lastKnownFileType = wrapper.framework; name = AudioToolbox.framework; path = System/Library/Frameworks/AudioToolbox.framework; sourceTree = SDKROOT; };
		0357C36B1EE69F2600870D61 /* AVFoundation.framework */ = {isa = PBXFileReference; lastKnownFileType = wrapper.framework; name = AVFoundation.framework; path = System/Library/Frameworks/AVFoundation.framework; sourceTree = SDKROOT; };
		0357C36C1EE69F2600870D61 /* CFNetwork.framework */ = {isa = PBXFileReference; lastKnownFileType = wrapper.framework; name = CFNetwork.framework; path = System/Library/Frameworks/CFNetwork.framework; sourceTree = SDKROOT; };
		0357C36F1EE69F6800870D61 /* CoreFoundation.framework */ = {isa = PBXFileReference; lastKnownFileType = wrapper.framework; name = CoreFoundation.framework; path = System/Library/Frameworks/CoreFoundation.framework; sourceTree = SDKROOT; };
		0357C3701EE69F6800870D61 /* CoreGraphics.framework */ = {isa = PBXFileReference; lastKnownFileType = wrapper.framework; name = CoreGraphics.framework; path = System/Library/Frameworks/CoreGraphics.framework; sourceTree = SDKROOT; };
		0357C3711EE69F6800870D61 /* CoreImage.framework */ = {isa = PBXFileReference; lastKnownFileType = wrapper.framework; name = CoreImage.framework; path = System/Library/Frameworks/CoreImage.framework; sourceTree = SDKROOT; };
		0357C3721EE69F6800870D61 /* CoreLocation.framework */ = {isa = PBXFileReference; lastKnownFileType = wrapper.framework; name = CoreLocation.framework; path = System/Library/Frameworks/CoreLocation.framework; sourceTree = SDKROOT; };
		0357C3731EE69F6800870D61 /* CoreMedia.framework */ = {isa = PBXFileReference; lastKnownFileType = wrapper.framework; name = CoreMedia.framework; path = System/Library/Frameworks/CoreMedia.framework; sourceTree = SDKROOT; };
		0357C3741EE69F6800870D61 /* CoreMotion.framework */ = {isa = PBXFileReference; lastKnownFileType = wrapper.framework; name = CoreMotion.framework; path = System/Library/Frameworks/CoreMotion.framework; sourceTree = SDKROOT; };
		0357C3751EE69F6800870D61 /* CoreTelephony.framework */ = {isa = PBXFileReference; lastKnownFileType = wrapper.framework; name = CoreTelephony.framework; path = System/Library/Frameworks/CoreTelephony.framework; sourceTree = SDKROOT; };
		0357C3761EE69F6800870D61 /* EventKit.framework */ = {isa = PBXFileReference; lastKnownFileType = wrapper.framework; name = EventKit.framework; path = System/Library/Frameworks/EventKit.framework; sourceTree = SDKROOT; };
		0357C3771EE69F6800870D61 /* EventKitUI.framework */ = {isa = PBXFileReference; lastKnownFileType = wrapper.framework; name = EventKitUI.framework; path = System/Library/Frameworks/EventKitUI.framework; sourceTree = SDKROOT; };
		0357C3781EE69F6800870D61 /* JavaScriptCore.framework */ = {isa = PBXFileReference; lastKnownFileType = wrapper.framework; name = JavaScriptCore.framework; path = System/Library/Frameworks/JavaScriptCore.framework; sourceTree = SDKROOT; };
		0357C3791EE69F6800870D61 /* libc++.tbd */ = {isa = PBXFileReference; lastKnownFileType = "sourcecode.text-based-dylib-definition"; name = "libc++.tbd"; path = "usr/lib/libc++.tbd"; sourceTree = SDKROOT; };
		0357C3851EE69FCF00870D61 /* CoreBluetooth.framework */ = {isa = PBXFileReference; lastKnownFileType = wrapper.framework; name = CoreBluetooth.framework; path = System/Library/Frameworks/CoreBluetooth.framework; sourceTree = SDKROOT; };
		0357C3861EE69FCF00870D61 /* CoreText.framework */ = {isa = PBXFileReference; lastKnownFileType = wrapper.framework; name = CoreText.framework; path = System/Library/Frameworks/CoreText.framework; sourceTree = SDKROOT; };
		0357C3871EE69FCF00870D61 /* GLKit.framework */ = {isa = PBXFileReference; lastKnownFileType = wrapper.framework; name = GLKit.framework; path = System/Library/Frameworks/GLKit.framework; sourceTree = SDKROOT; };
		0357C3881EE69FCF00870D61 /* libsqlite3.tbd */ = {isa = PBXFileReference; lastKnownFileType = "sourcecode.text-based-dylib-definition"; name = libsqlite3.tbd; path = usr/lib/libsqlite3.tbd; sourceTree = SDKROOT; };
		0357C3891EE69FCF00870D61 /* libxml2.2.tbd */ = {isa = PBXFileReference; lastKnownFileType = "sourcecode.text-based-dylib-definition"; name = libxml2.2.tbd; path = usr/lib/libxml2.2.tbd; sourceTree = SDKROOT; };
		0357C38A1EE69FCF00870D61 /* libz.tbd */ = {isa = PBXFileReference; lastKnownFileType = "sourcecode.text-based-dylib-definition"; name = libz.tbd; path = usr/lib/libz.tbd; sourceTree = SDKROOT; };
		0357C38B1EE69FCF00870D61 /* MediaPlayer.framework */ = {isa = PBXFileReference; lastKnownFileType = wrapper.framework; name = MediaPlayer.framework; path = System/Library/Frameworks/MediaPlayer.framework; sourceTree = SDKROOT; };
		0357C38C1EE69FCF00870D61 /* MessageUI.framework */ = {isa = PBXFileReference; lastKnownFileType = wrapper.framework; name = MessageUI.framework; path = System/Library/Frameworks/MessageUI.framework; sourceTree = SDKROOT; };
		0357C38D1EE69FCF00870D61 /* MobileCoreServices.framework */ = {isa = PBXFileReference; lastKnownFileType = wrapper.framework; name = MobileCoreServices.framework; path = System/Library/Frameworks/MobileCoreServices.framework; sourceTree = SDKROOT; };
		0357C38E1EE69FCF00870D61 /* QuartzCore.framework */ = {isa = PBXFileReference; lastKnownFileType = wrapper.framework; name = QuartzCore.framework; path = System/Library/Frameworks/QuartzCore.framework; sourceTree = SDKROOT; };
		0357C38F1EE69FCF00870D61 /* SafariServices.framework */ = {isa = PBXFileReference; lastKnownFileType = wrapper.framework; name = SafariServices.framework; path = System/Library/Frameworks/SafariServices.framework; sourceTree = SDKROOT; };
		0357C3901EE69FCF00870D61 /* Security.framework */ = {isa = PBXFileReference; lastKnownFileType = wrapper.framework; name = Security.framework; path = System/Library/Frameworks/Security.framework; sourceTree = SDKROOT; };
		0357C3911EE69FCF00870D61 /* Social.framework */ = {isa = PBXFileReference; lastKnownFileType = wrapper.framework; name = Social.framework; path = System/Library/Frameworks/Social.framework; sourceTree = SDKROOT; };
		0357C3921EE69FCF00870D61 /* StoreKit.framework */ = {isa = PBXFileReference; lastKnownFileType = wrapper.framework; name = StoreKit.framework; path = System/Library/Frameworks/StoreKit.framework; sourceTree = SDKROOT; };
		0357C3931EE69FCF00870D61 /* SystemConfiguration.framework */ = {isa = PBXFileReference; lastKnownFileType = wrapper.framework; name = SystemConfiguration.framework; path = System/Library/Frameworks/SystemConfiguration.framework; sourceTree = SDKROOT; };
		0357C3941EE69FCF00870D61 /* Twitter.framework */ = {isa = PBXFileReference; lastKnownFileType = wrapper.framework; name = Twitter.framework; path = System/Library/Frameworks/Twitter.framework; sourceTree = SDKROOT; };
		0357C3951EE69FCF00870D61 /* UIKit.framework */ = {isa = PBXFileReference; lastKnownFileType = wrapper.framework; name = UIKit.framework; path = System/Library/Frameworks/UIKit.framework; sourceTree = SDKROOT; };
		0357C3961EE69FCF00870D61 /* WebKit.framework */ = {isa = PBXFileReference; lastKnownFileType = wrapper.framework; name = WebKit.framework; path = System/Library/Frameworks/WebKit.framework; sourceTree = SDKROOT; };
		03BB6E061EE7D98C007638E2 /* Base */ = {isa = PBXFileReference; lastKnownFileType = file.storyboard; name = Base; path = Base.lproj/Swift.storyboard; sourceTree = "<group>"; };
		03DBE13F1EE69DFA00549332 /* AppodealSwiftDemo.app */ = {isa = PBXFileReference; explicitFileType = wrapper.application; includeInIndex = 0; path = AppodealSwiftDemo.app; sourceTree = BUILT_PRODUCTS_DIR; };
		03DBE1421EE69DFA00549332 /* AppDelegate.swift */ = {isa = PBXFileReference; lastKnownFileType = sourcecode.swift; path = AppDelegate.swift; sourceTree = "<group>"; };
		03DBE14C1EE69DFA00549332 /* Base */ = {isa = PBXFileReference; lastKnownFileType = file.storyboard; name = Base; path = Base.lproj/LaunchScreen.storyboard; sourceTree = "<group>"; };
		42BFEAF821CBCF28002F41B7 /* VideoToolbox.framework */ = {isa = PBXFileReference; lastKnownFileType = wrapper.framework; name = VideoToolbox.framework; path = System/Library/Frameworks/VideoToolbox.framework; sourceTree = SDKROOT; };
		48E54CC2F5664009B3DA12DF /* Pods-AppodealSwiftDemo.debug.xcconfig */ = {isa = PBXFileReference; includeInIndex = 1; lastKnownFileType = text.xcconfig; name = "Pods-AppodealSwiftDemo.debug.xcconfig"; path = "Target Support Files/Pods-AppodealSwiftDemo/Pods-AppodealSwiftDemo.debug.xcconfig"; sourceTree = "<group>"; };
		62904DBE8FB1F44E5023049C /* Pods-AppodealSwiftDemo.release.xcconfig */ = {isa = PBXFileReference; includeInIndex = 1; lastKnownFileType = text.xcconfig; name = "Pods-AppodealSwiftDemo.release.xcconfig"; path = "Target Support Files/Pods-AppodealSwiftDemo/Pods-AppodealSwiftDemo.release.xcconfig"; sourceTree = "<group>"; };
		9C1CAA3120AD642B00C20A3A /* WatchConnectivity.framework */ = {isa = PBXFileReference; lastKnownFileType = wrapper.framework; name = WatchConnectivity.framework; path = System/Library/Frameworks/WatchConnectivity.framework; sourceTree = SDKROOT; };
		B95571D4202B2A45008A16D4 /* NativeView.swift */ = {isa = PBXFileReference; lastKnownFileType = sourcecode.swift; path = NativeView.swift; sourceTree = "<group>"; };
		B95571D6202B30E6008A16D4 /* NativeViewController.swift */ = {isa = PBXFileReference; lastKnownFileType = sourcecode.swift; path = NativeViewController.swift; sourceTree = "<group>"; };
		B9CC73C1202C581E005EA2A7 /* Base */ = {isa = PBXFileReference; lastKnownFileType = file.xib; name = Base; path = Base.lproj/Native.xib; sourceTree = "<group>"; };
		B9CDF1E0205676EA00925C5B /* RootViewController.swift */ = {isa = PBXFileReference; fileEncoding = 4; lastKnownFileType = sourcecode.swift; path = RootViewController.swift; sourceTree = "<group>"; };
		B9CDF1E22056770A00925C5B /* RoundButton.swift */ = {isa = PBXFileReference; lastKnownFileType = sourcecode.swift; path = RoundButton.swift; sourceTree = "<group>"; };
		FF5DD4BF9B97C2E3C82F30B8 /* Pods_AppodealSwiftDemo.framework */ = {isa = PBXFileReference; explicitFileType = wrapper.framework; includeInIndex = 0; path = Pods_AppodealSwiftDemo.framework; sourceTree = BUILT_PRODUCTS_DIR; };
/* End PBXFileReference section */

/* Begin PBXFrameworksBuildPhase section */
		03DBE13C1EE69DFA00549332 /* Frameworks */ = {
			isa = PBXFrameworksBuildPhase;
			buildActionMask = 2147483647;
			files = (
				BC9A0EBF714441F738441ACE /* Pods_AppodealSwiftDemo.framework in Frameworks */,
			);
			runOnlyForDeploymentPostprocessing = 0;
		};
/* End PBXFrameworksBuildPhase section */

/* Begin PBXGroup section */
		0330435F1EE6AA4F00FBF3E4 /* Supporting Files */ = {
			isa = PBXGroup;
			children = (
				B9CDF1E0205676EA00925C5B /* RootViewController.swift */,
				B9CDF1E22056770A00925C5B /* RoundButton.swift */,
				03DBE1421EE69DFA00549332 /* AppDelegate.swift */,
				033043801EE6C89800FBF3E4 /* Assets.xcassets */,
				03BB6E051EE7D98C007638E2 /* Swift.storyboard */,
				B9CC73C0202C581E005EA2A7 /* Native.xib */,
				03DBE14B1EE69DFA00549332 /* LaunchScreen.storyboard */,
				033043821EE6C8BF00FBF3E4 /* Info.plist */,
			);
			name = "Supporting Files";
			sourceTree = "<group>";
		};
		033043621EE6AA9200FBF3E4 /* Interstitial */ = {
			isa = PBXGroup;
			children = (
				033043601EE6AA8100FBF3E4 /* InterstitialViewController.swift */,
			);
			name = Interstitial;
			sourceTree = "<group>";
		};
		033043751EE6BEEF00FBF3E4 /* Rewarded Video */ = {
			isa = PBXGroup;
			children = (
				033043731EE6BD7000FBF3E4 /* RewardedVideoViewController.swift */,
			);
			name = "Rewarded Video";
			sourceTree = "<group>";
		};
		033043781EE6C06A00FBF3E4 /* Banner */ = {
			isa = PBXGroup;
			children = (
				033043761EE6BF2A00FBF3E4 /* StaticBannerViewController.swift */,
				033043791EE6C1B000FBF3E4 /* CustomBannerViewController.swift */,
			);
			name = Banner;
			sourceTree = "<group>";
		};
		0357C3661EE69F1200870D61 /* Frameworks */ = {
			isa = PBXGroup;
			children = (
				42BFEAF821CBCF28002F41B7 /* VideoToolbox.framework */,
				9C1CAA3120AD642B00C20A3A /* WatchConnectivity.framework */,
				0357C3851EE69FCF00870D61 /* CoreBluetooth.framework */,
				0357C3861EE69FCF00870D61 /* CoreText.framework */,
				0357C3871EE69FCF00870D61 /* GLKit.framework */,
				0357C3881EE69FCF00870D61 /* libsqlite3.tbd */,
				0357C3891EE69FCF00870D61 /* libxml2.2.tbd */,
				0357C38A1EE69FCF00870D61 /* libz.tbd */,
				0357C38B1EE69FCF00870D61 /* MediaPlayer.framework */,
				0357C38C1EE69FCF00870D61 /* MessageUI.framework */,
				0357C38D1EE69FCF00870D61 /* MobileCoreServices.framework */,
				0357C38E1EE69FCF00870D61 /* QuartzCore.framework */,
				0357C38F1EE69FCF00870D61 /* SafariServices.framework */,
				0357C3901EE69FCF00870D61 /* Security.framework */,
				0357C3911EE69FCF00870D61 /* Social.framework */,
				0357C3921EE69FCF00870D61 /* StoreKit.framework */,
				0357C3931EE69FCF00870D61 /* SystemConfiguration.framework */,
				0357C3941EE69FCF00870D61 /* Twitter.framework */,
				0357C3951EE69FCF00870D61 /* UIKit.framework */,
				0357C3961EE69FCF00870D61 /* WebKit.framework */,
				0357C36F1EE69F6800870D61 /* CoreFoundation.framework */,
				0357C3701EE69F6800870D61 /* CoreGraphics.framework */,
				0357C3711EE69F6800870D61 /* CoreImage.framework */,
				0357C3721EE69F6800870D61 /* CoreLocation.framework */,
				0357C3731EE69F6800870D61 /* CoreMedia.framework */,
				0357C3741EE69F6800870D61 /* CoreMotion.framework */,
				0357C3751EE69F6800870D61 /* CoreTelephony.framework */,
				0357C3761EE69F6800870D61 /* EventKit.framework */,
				0357C3771EE69F6800870D61 /* EventKitUI.framework */,
				0357C3781EE69F6800870D61 /* JavaScriptCore.framework */,
				0357C3791EE69F6800870D61 /* libc++.tbd */,
				0357C36B1EE69F2600870D61 /* AVFoundation.framework */,
				0357C36C1EE69F2600870D61 /* CFNetwork.framework */,
				0357C3691EE69F1800870D61 /* AudioToolbox.framework */,
				0357C3671EE69F1200870D61 /* AdSupport.framework */,
				FF5DD4BF9B97C2E3C82F30B8 /* Pods_AppodealSwiftDemo.framework */,
			);
			name = Frameworks;
			sourceTree = "<group>";
		};
		03DBE1361EE69DFA00549332 = {
			isa = PBXGroup;
			children = (
				03DBE1411EE69DFA00549332 /* AppodealSwiftDemo */,
				03DBE1401EE69DFA00549332 /* Products */,
				0357C3661EE69F1200870D61 /* Frameworks */,
				A59234C05406C2BD65962AE6 /* Pods */,
			);
			sourceTree = "<group>";
		};
		03DBE1401EE69DFA00549332 /* Products */ = {
			isa = PBXGroup;
			children = (
				03DBE13F1EE69DFA00549332 /* AppodealSwiftDemo.app */,
			);
			name = Products;
			sourceTree = "<group>";
		};
		03DBE1411EE69DFA00549332 /* AppodealSwiftDemo */ = {
			isa = PBXGroup;
			children = (
				033043621EE6AA9200FBF3E4 /* Interstitial */,
				033043751EE6BEEF00FBF3E4 /* Rewarded Video */,
				033043781EE6C06A00FBF3E4 /* Banner */,
				B95571D3202B2A05008A16D4 /* Native */,
				0330435F1EE6AA4F00FBF3E4 /* Supporting Files */,
			);
			path = AppodealSwiftDemo;
			sourceTree = "<group>";
		};
		A59234C05406C2BD65962AE6 /* Pods */ = {
			isa = PBXGroup;
			children = (
				48E54CC2F5664009B3DA12DF /* Pods-AppodealSwiftDemo.debug.xcconfig */,
				62904DBE8FB1F44E5023049C /* Pods-AppodealSwiftDemo.release.xcconfig */,
			);
			name = Pods;
			path = ../Pods;
			sourceTree = "<group>";
		};
		B95571D3202B2A05008A16D4 /* Native */ = {
			isa = PBXGroup;
			children = (
				B95571D4202B2A45008A16D4 /* NativeView.swift */,
				B95571D6202B30E6008A16D4 /* NativeViewController.swift */,
			);
			name = Native;
			sourceTree = "<group>";
		};
/* End PBXGroup section */

/* Begin PBXNativeTarget section */
		03DBE13E1EE69DFA00549332 /* AppodealSwiftDemo */ = {
			isa = PBXNativeTarget;
			buildConfigurationList = 03DBE1511EE69DFA00549332 /* Build configuration list for PBXNativeTarget "AppodealSwiftDemo" */;
			buildPhases = (
				4139A1D697DFFA0239FD2FC1 /* [CP] Check Pods Manifest.lock */,
				03DBE13B1EE69DFA00549332 /* Sources */,
				03DBE13C1EE69DFA00549332 /* Frameworks */,
				03DBE13D1EE69DFA00549332 /* Resources */,
				42D84693229FDC5A00D36F34 /* Embed Frameworks */,
				704AA2D40CFDE1DDF6389186 /* [CP] Embed Pods Frameworks */,
				5F9B7EF6C36E64C7102CD3DB /* [CP] Copy Pods Resources */,
			);
			buildRules = (
			);
			dependencies = (
			);
			name = AppodealSwiftDemo;
			productName = AppodealSwiftDemo;
			productReference = 03DBE13F1EE69DFA00549332 /* AppodealSwiftDemo.app */;
			productType = "com.apple.product-type.application";
		};
/* End PBXNativeTarget section */

/* Begin PBXProject section */
		03DBE1371EE69DFA00549332 /* Project object */ = {
			isa = PBXProject;
			attributes = {
				LastSwiftUpdateCheck = 0830;
				LastUpgradeCheck = 1020;
				ORGANIZATIONNAME = dtlbox;
				TargetAttributes = {
					03DBE13E1EE69DFA00549332 = {
						CreatedOnToolsVersion = 8.3.2;
						LastSwiftMigration = 1020;
						ProvisioningStyle = Automatic;
					};
				};
			};
			buildConfigurationList = 03DBE13A1EE69DFA00549332 /* Build configuration list for PBXProject "AppodealSwiftDemo" */;
			compatibilityVersion = "Xcode 3.2";
			developmentRegion = en;
			hasScannedForEncodings = 0;
			knownRegions = (
				en,
				Base,
			);
			mainGroup = 03DBE1361EE69DFA00549332;
			productRefGroup = 03DBE1401EE69DFA00549332 /* Products */;
			projectDirPath = "";
			projectRoot = "";
			targets = (
				03DBE13E1EE69DFA00549332 /* AppodealSwiftDemo */,
			);
		};
/* End PBXProject section */

/* Begin PBXResourcesBuildPhase section */
		03DBE13D1EE69DFA00549332 /* Resources */ = {
			isa = PBXResourcesBuildPhase;
			buildActionMask = 2147483647;
			files = (
				03BB6E071EE7D98C007638E2 /* Swift.storyboard in Resources */,
				B9CC73C2202C581E005EA2A7 /* Native.xib in Resources */,
				03DBE14D1EE69DFA00549332 /* LaunchScreen.storyboard in Resources */,
				033043811EE6C89800FBF3E4 /* Assets.xcassets in Resources */,
			);
			runOnlyForDeploymentPostprocessing = 0;
		};
/* End PBXResourcesBuildPhase section */

/* Begin PBXShellScriptBuildPhase section */
		4139A1D697DFFA0239FD2FC1 /* [CP] Check Pods Manifest.lock */ = {
			isa = PBXShellScriptBuildPhase;
			buildActionMask = 2147483647;
			files = (
			);
			inputFileListPaths = (
			);
			inputPaths = (
				"${PODS_PODFILE_DIR_PATH}/Podfile.lock",
				"${PODS_ROOT}/Manifest.lock",
			);
			name = "[CP] Check Pods Manifest.lock";
			outputFileListPaths = (
			);
			outputPaths = (
				"$(DERIVED_FILE_DIR)/Pods-AppodealSwiftDemo-checkManifestLockResult.txt",
			);
			runOnlyForDeploymentPostprocessing = 0;
			shellPath = /bin/sh;
			shellScript = "diff \"${PODS_PODFILE_DIR_PATH}/Podfile.lock\" \"${PODS_ROOT}/Manifest.lock\" > /dev/null\nif [ $? != 0 ] ; then\n    # print error to STDERR\n    echo \"error: The sandbox is not in sync with the Podfile.lock. Run 'pod install' or update your CocoaPods installation.\" >&2\n    exit 1\nfi\n# This output is used by Xcode 'outputs' to avoid re-running this script phase.\necho \"SUCCESS\" > \"${SCRIPT_OUTPUT_FILE_0}\"\n";
			showEnvVarsInLog = 0;
		};
		5F9B7EF6C36E64C7102CD3DB /* [CP] Copy Pods Resources */ = {
			isa = PBXShellScriptBuildPhase;
			buildActionMask = 2147483647;
			files = (
			);
			inputPaths = (
				"${PODS_ROOT}/Target Support Files/Pods-AppodealSwiftDemo/Pods-AppodealSwiftDemo-resources.sh",
				"${PODS_ROOT}/APDAppLovinAdapter/APDAppLovinAdapter.embeddedframework/Resources/AppLovinSDKResources.bundle",
				"${PODS_ROOT}/APDStartAppAdapter/APDStartAppAdapter.embeddedframework/Resources/StartApp.bundle",
				"${PODS_ROOT}/APDTapjoyAdapter/APDTapjoyAdapter.embeddedframework/Resources/TapjoyResources.bundle",
			);
			name = "[CP] Copy Pods Resources";
			outputPaths = (
				"${TARGET_BUILD_DIR}/${UNLOCALIZED_RESOURCES_FOLDER_PATH}/AppLovinSDKResources.bundle",
				"${TARGET_BUILD_DIR}/${UNLOCALIZED_RESOURCES_FOLDER_PATH}/StartApp.bundle",
				"${TARGET_BUILD_DIR}/${UNLOCALIZED_RESOURCES_FOLDER_PATH}/TapjoyResources.bundle",
			);
			runOnlyForDeploymentPostprocessing = 0;
			shellPath = /bin/sh;
			shellScript = "\"${PODS_ROOT}/Target Support Files/Pods-AppodealSwiftDemo/Pods-AppodealSwiftDemo-resources.sh\"\n";
			showEnvVarsInLog = 0;
		};
		704AA2D40CFDE1DDF6389186 /* [CP] Embed Pods Frameworks */ = {
			isa = PBXShellScriptBuildPhase;
			buildActionMask = 2147483647;
			files = (
			);
			inputPaths = (
				"${PODS_ROOT}/Target Support Files/Pods-AppodealSwiftDemo/Pods-AppodealSwiftDemo-frameworks.sh",
				"${BUILT_PRODUCTS_DIR}/FBSDKCoreKit/FBSDKCoreKit.framework",
				"${BUILT_PRODUCTS_DIR}/GoogleUtilities/GoogleUtilities.framework",
				"${BUILT_PRODUCTS_DIR}/PromisesObjC/FBLPromises.framework",
				"${BUILT_PRODUCTS_DIR}/nanopb/nanopb.framework",
			);
			name = "[CP] Embed Pods Frameworks";
			outputPaths = (
				"${TARGET_BUILD_DIR}/${FRAMEWORKS_FOLDER_PATH}/FBSDKCoreKit.framework",
				"${TARGET_BUILD_DIR}/${FRAMEWORKS_FOLDER_PATH}/GoogleUtilities.framework",
				"${TARGET_BUILD_DIR}/${FRAMEWORKS_FOLDER_PATH}/FBLPromises.framework",
				"${TARGET_BUILD_DIR}/${FRAMEWORKS_FOLDER_PATH}/nanopb.framework",
			);
			runOnlyForDeploymentPostprocessing = 0;
			shellPath = /bin/sh;
			shellScript = "\"${PODS_ROOT}/Target Support Files/Pods-AppodealSwiftDemo/Pods-AppodealSwiftDemo-frameworks.sh\"\n";
			showEnvVarsInLog = 0;
		};
/* End PBXShellScriptBuildPhase section */

/* Begin PBXSourcesBuildPhase section */
		03DBE13B1EE69DFA00549332 /* Sources */ = {
			isa = PBXSourcesBuildPhase;
			buildActionMask = 2147483647;
			files = (
				B9CDF1E32056770A00925C5B /* RoundButton.swift in Sources */,
				B95571D5202B2A45008A16D4 /* NativeView.swift in Sources */,
				033043611EE6AA8100FBF3E4 /* InterstitialViewController.swift in Sources */,
				03DBE1431EE69DFA00549332 /* AppDelegate.swift in Sources */,
				B95571D7202B30E6008A16D4 /* NativeViewController.swift in Sources */,
				033043741EE6BD7000FBF3E4 /* RewardedVideoViewController.swift in Sources */,
				033043771EE6BF2A00FBF3E4 /* StaticBannerViewController.swift in Sources */,
				B9CDF1E1205676EB00925C5B /* RootViewController.swift in Sources */,
				0330437A1EE6C1B000FBF3E4 /* CustomBannerViewController.swift in Sources */,
			);
			runOnlyForDeploymentPostprocessing = 0;
		};
/* End PBXSourcesBuildPhase section */

/* Begin PBXVariantGroup section */
		03BB6E051EE7D98C007638E2 /* Swift.storyboard */ = {
			isa = PBXVariantGroup;
			children = (
				03BB6E061EE7D98C007638E2 /* Base */,
			);
			name = Swift.storyboard;
			sourceTree = "<group>";
		};
		03DBE14B1EE69DFA00549332 /* LaunchScreen.storyboard */ = {
			isa = PBXVariantGroup;
			children = (
				03DBE14C1EE69DFA00549332 /* Base */,
			);
			name = LaunchScreen.storyboard;
			sourceTree = "<group>";
		};
		B9CC73C0202C581E005EA2A7 /* Native.xib */ = {
			isa = PBXVariantGroup;
			children = (
				B9CC73C1202C581E005EA2A7 /* Base */,
			);
			name = Native.xib;
			sourceTree = "<group>";
		};
/* End PBXVariantGroup section */

/* Begin XCBuildConfiguration section */
		03DBE14F1EE69DFA00549332 /* Debug */ = {
			isa = XCBuildConfiguration;
			buildSettings = {
				ALWAYS_SEARCH_USER_PATHS = NO;
				CLANG_ANALYZER_LOCALIZABILITY_NONLOCALIZED = YES;
				CLANG_ANALYZER_NONNULL = YES;
				CLANG_ANALYZER_NUMBER_OBJECT_CONVERSION = YES_AGGRESSIVE;
				CLANG_CXX_LANGUAGE_STANDARD = "gnu++0x";
				CLANG_CXX_LIBRARY = "libc++";
				CLANG_ENABLE_MODULES = YES;
				CLANG_ENABLE_OBJC_ARC = YES;
				CLANG_WARN_BLOCK_CAPTURE_AUTORELEASING = YES;
				CLANG_WARN_BOOL_CONVERSION = YES;
				CLANG_WARN_COMMA = YES;
				CLANG_WARN_CONSTANT_CONVERSION = YES;
				CLANG_WARN_DEPRECATED_OBJC_IMPLEMENTATIONS = YES;
				CLANG_WARN_DIRECT_OBJC_ISA_USAGE = YES_ERROR;
				CLANG_WARN_DOCUMENTATION_COMMENTS = YES;
				CLANG_WARN_EMPTY_BODY = YES;
				CLANG_WARN_ENUM_CONVERSION = YES;
				CLANG_WARN_INFINITE_RECURSION = YES;
				CLANG_WARN_INT_CONVERSION = YES;
				CLANG_WARN_NON_LITERAL_NULL_CONVERSION = YES;
				CLANG_WARN_OBJC_IMPLICIT_RETAIN_SELF = YES;
				CLANG_WARN_OBJC_LITERAL_CONVERSION = YES;
				CLANG_WARN_OBJC_ROOT_CLASS = YES_ERROR;
				CLANG_WARN_RANGE_LOOP_ANALYSIS = YES;
				CLANG_WARN_STRICT_PROTOTYPES = YES;
				CLANG_WARN_SUSPICIOUS_MOVE = YES;
				CLANG_WARN_UNREACHABLE_CODE = YES;
				CLANG_WARN__DUPLICATE_METHOD_MATCH = YES;
				"CODE_SIGN_IDENTITY[sdk=iphoneos*]" = "iPhone Developer";
				COPY_PHASE_STRIP = NO;
				DEBUG_INFORMATION_FORMAT = dwarf;
				ENABLE_STRICT_OBJC_MSGSEND = YES;
				ENABLE_TESTABILITY = YES;
				GCC_C_LANGUAGE_STANDARD = gnu99;
				GCC_DYNAMIC_NO_PIC = NO;
				GCC_NO_COMMON_BLOCKS = YES;
				GCC_OPTIMIZATION_LEVEL = 0;
				GCC_PREPROCESSOR_DEFINITIONS = (
					"DEBUG=1",
					"$(inherited)",
				);
				GCC_WARN_64_TO_32_BIT_CONVERSION = YES;
				GCC_WARN_ABOUT_RETURN_TYPE = YES_ERROR;
				GCC_WARN_UNDECLARED_SELECTOR = YES;
				GCC_WARN_UNINITIALIZED_AUTOS = YES_AGGRESSIVE;
				GCC_WARN_UNUSED_FUNCTION = YES;
				GCC_WARN_UNUSED_VARIABLE = YES;
				IPHONEOS_DEPLOYMENT_TARGET = 10.3;
				MTL_ENABLE_DEBUG_INFO = YES;
				ONLY_ACTIVE_ARCH = YES;
				SDKROOT = iphoneos;
				SWIFT_ACTIVE_COMPILATION_CONDITIONS = DEBUG;
				SWIFT_OPTIMIZATION_LEVEL = "-Onone";
				TARGETED_DEVICE_FAMILY = "1,2";
			};
			name = Debug;
		};
		03DBE1501EE69DFA00549332 /* Release */ = {
			isa = XCBuildConfiguration;
			buildSettings = {
				ALWAYS_SEARCH_USER_PATHS = NO;
				CLANG_ANALYZER_LOCALIZABILITY_NONLOCALIZED = YES;
				CLANG_ANALYZER_NONNULL = YES;
				CLANG_ANALYZER_NUMBER_OBJECT_CONVERSION = YES_AGGRESSIVE;
				CLANG_CXX_LANGUAGE_STANDARD = "gnu++0x";
				CLANG_CXX_LIBRARY = "libc++";
				CLANG_ENABLE_MODULES = YES;
				CLANG_ENABLE_OBJC_ARC = YES;
				CLANG_WARN_BLOCK_CAPTURE_AUTORELEASING = YES;
				CLANG_WARN_BOOL_CONVERSION = YES;
				CLANG_WARN_COMMA = YES;
				CLANG_WARN_CONSTANT_CONVERSION = YES;
				CLANG_WARN_DEPRECATED_OBJC_IMPLEMENTATIONS = YES;
				CLANG_WARN_DIRECT_OBJC_ISA_USAGE = YES_ERROR;
				CLANG_WARN_DOCUMENTATION_COMMENTS = YES;
				CLANG_WARN_EMPTY_BODY = YES;
				CLANG_WARN_ENUM_CONVERSION = YES;
				CLANG_WARN_INFINITE_RECURSION = YES;
				CLANG_WARN_INT_CONVERSION = YES;
				CLANG_WARN_NON_LITERAL_NULL_CONVERSION = YES;
				CLANG_WARN_OBJC_IMPLICIT_RETAIN_SELF = YES;
				CLANG_WARN_OBJC_LITERAL_CONVERSION = YES;
				CLANG_WARN_OBJC_ROOT_CLASS = YES_ERROR;
				CLANG_WARN_RANGE_LOOP_ANALYSIS = YES;
				CLANG_WARN_STRICT_PROTOTYPES = YES;
				CLANG_WARN_SUSPICIOUS_MOVE = YES;
				CLANG_WARN_UNREACHABLE_CODE = YES;
				CLANG_WARN__DUPLICATE_METHOD_MATCH = YES;
				"CODE_SIGN_IDENTITY[sdk=iphoneos*]" = "iPhone Developer";
				COPY_PHASE_STRIP = NO;
				DEBUG_INFORMATION_FORMAT = "dwarf-with-dsym";
				ENABLE_NS_ASSERTIONS = NO;
				ENABLE_STRICT_OBJC_MSGSEND = YES;
				GCC_C_LANGUAGE_STANDARD = gnu99;
				GCC_NO_COMMON_BLOCKS = YES;
				GCC_WARN_64_TO_32_BIT_CONVERSION = YES;
				GCC_WARN_ABOUT_RETURN_TYPE = YES_ERROR;
				GCC_WARN_UNDECLARED_SELECTOR = YES;
				GCC_WARN_UNINITIALIZED_AUTOS = YES_AGGRESSIVE;
				GCC_WARN_UNUSED_FUNCTION = YES;
				GCC_WARN_UNUSED_VARIABLE = YES;
				IPHONEOS_DEPLOYMENT_TARGET = 10.3;
				MTL_ENABLE_DEBUG_INFO = NO;
				SDKROOT = iphoneos;
				SWIFT_OPTIMIZATION_LEVEL = "-Owholemodule";
				TARGETED_DEVICE_FAMILY = "1,2";
				VALIDATE_PRODUCT = YES;
			};
			name = Release;
		};
		03DBE1521EE69DFA00549332 /* Debug */ = {
			isa = XCBuildConfiguration;
			baseConfigurationReference = 48E54CC2F5664009B3DA12DF /* Pods-AppodealSwiftDemo.debug.xcconfig */;
			buildSettings = {
				ASSETCATALOG_COMPILER_APPICON_NAME = AppIcon;
				DEVELOPMENT_TEAM = "";
				FRAMEWORK_SEARCH_PATHS = "$(inherited)";
				INFOPLIST_FILE = AppodealSwiftDemo/Info.plist;
				IPHONEOS_DEPLOYMENT_TARGET = 9.0;
				LD_RUNPATH_SEARCH_PATHS = "$(inherited) @executable_path/Frameworks";
				LIBRARY_SEARCH_PATHS = "$(inherited)";
				OTHER_LDFLAGS = "$(inherited)";
				PRODUCT_BUNDLE_IDENTIFIER = com.appodeal.sandbox;
				PRODUCT_NAME = "$(TARGET_NAME)";
				REEXPORTED_LIBRARY_PATHS = "";
				SWIFT_VERSION = 5.0;
			};
			name = Debug;
		};
		03DBE1531EE69DFA00549332 /* Release */ = {
			isa = XCBuildConfiguration;
			baseConfigurationReference = 62904DBE8FB1F44E5023049C /* Pods-AppodealSwiftDemo.release.xcconfig */;
			buildSettings = {
				ASSETCATALOG_COMPILER_APPICON_NAME = AppIcon;
				DEVELOPMENT_TEAM = "";
				FRAMEWORK_SEARCH_PATHS = "$(inherited)";
				INFOPLIST_FILE = AppodealSwiftDemo/Info.plist;
				IPHONEOS_DEPLOYMENT_TARGET = 9.0;
				LD_RUNPATH_SEARCH_PATHS = "$(inherited) @executable_path/Frameworks";
				LIBRARY_SEARCH_PATHS = "$(inherited)";
				OTHER_LDFLAGS = "$(inherited)";
				PRODUCT_BUNDLE_IDENTIFIER = com.appodeal.sandbox;
				PRODUCT_NAME = "$(TARGET_NAME)";
				REEXPORTED_LIBRARY_PATHS = "";
				SWIFT_VERSION = 5.0;
			};
			name = Release;
		};
/* End XCBuildConfiguration section */

/* Begin XCConfigurationList section */
		03DBE13A1EE69DFA00549332 /* Build configuration list for PBXProject "AppodealSwiftDemo" */ = {
			isa = XCConfigurationList;
			buildConfigurations = (
				03DBE14F1EE69DFA00549332 /* Debug */,
				03DBE1501EE69DFA00549332 /* Release */,
			);
			defaultConfigurationIsVisible = 0;
			defaultConfigurationName = Release;
		};
		03DBE1511EE69DFA00549332 /* Build configuration list for PBXNativeTarget "AppodealSwiftDemo" */ = {
			isa = XCConfigurationList;
			buildConfigurations = (
				03DBE1521EE69DFA00549332 /* Debug */,
				03DBE1531EE69DFA00549332 /* Release */,
			);
			defaultConfigurationIsVisible = 0;
			defaultConfigurationName = Release;
		};
/* End XCConfigurationList section */
	};
	rootObject = 03DBE1371EE69DFA00549332 /* Project object */;
}
