// !$*UTF8*$!
{
	archiveVersion = 1;
	classes = {
	};
	objectVersion = 46;
	objects = {

/* Begin PBXBuildFile section */
		0330437F1EE6C71A00FBF3E4 /* ASRootViewController.m in Sources */ = {isa = PBXBuildFile; fileRef = 0330437E1EE6C71900FBF3E4 /* ASRootViewController.m */; };
		03BB6E041EE7D97F007638E2 /* ObjC.storyboard in Resources */ = {isa = PBXBuildFile; fileRef = 03BB6E021EE7D97F007638E2 /* ObjC.storyboard */; };
		3B57D37B49A0557F20ABCF52 /* Pods_AppodealObjectiveCDemo.framework in Frameworks */ = {isa = PBXBuildFile; fileRef = 7469519F04830FC20B77706F /* Pods_AppodealObjectiveCDemo.framework */; };
		420E48E023F4176800009792 /* Dummy.swift in Sources */ = {isa = PBXBuildFile; fileRef = 420E48DF23F4176800009792 /* Dummy.swift */; };
		8AC7841128451B53008FE012 /* GoogleService-Info.plist in Resources */ = {isa = PBXBuildFile; fileRef = 8AC7841028451B53008FE012 /* GoogleService-Info.plist */; };
		B936CE9B1EE00D8000CDFF89 /* main.m in Sources */ = {isa = PBXBuildFile; fileRef = B936CE9A1EE00D8000CDFF89 /* main.m */; };
		B936CE9E1EE00D8000CDFF89 /* ASAppDelegate.m in Sources */ = {isa = PBXBuildFile; fileRef = B936CE9D1EE00D8000CDFF89 /* ASAppDelegate.m */; };
		B936CEA11EE00D8000CDFF89 /* ASInterstitialAdViewController.m in Sources */ = {isa = PBXBuildFile; fileRef = B936CEA01EE00D8000CDFF89 /* ASInterstitialAdViewController.m */; };
		B936CEA41EE00D8000CDFF89 /* ASRewardedViewController.m in Sources */ = {isa = PBXBuildFile; fileRef = B936CEA31EE00D8000CDFF89 /* ASRewardedViewController.m */; };
		B936CEA91EE00D8100CDFF89 /* Assets.xcassets in Resources */ = {isa = PBXBuildFile; fileRef = B936CEA81EE00D8100CDFF89 /* Assets.xcassets */; };
		B936CEAC1EE00D8100CDFF89 /* LaunchScreen.storyboard in Resources */ = {isa = PBXBuildFile; fileRef = B936CEAA1EE00D8100CDFF89 /* LaunchScreen.storyboard */; };
		B936CEBB1EE0180C00CDFF89 /* ASStaticBannerViewController.m in Sources */ = {isa = PBXBuildFile; fileRef = B936CEBA1EE0180C00CDFF89 /* ASStaticBannerViewController.m */; };
		B936CEBE1EE0183200CDFF89 /* ASCustomBannerViewController.m in Sources */ = {isa = PBXBuildFile; fileRef = B936CEBD1EE0183200CDFF89 /* ASCustomBannerViewController.m */; };
		B936CF4F1EE036D800CDFF89 /* ASRoundButton.m in Sources */ = {isa = PBXBuildFile; fileRef = B936CF4E1EE036D800CDFF89 /* ASRoundButton.m */; };
		B9CA2A3420298F1000434E37 /* Native.xib in Resources */ = {isa = PBXBuildFile; fileRef = B9CA2A3220298F1000434E37 /* Native.xib */; };
		B9CA2A382029903500434E37 /* ASNativeViewController.m in Sources */ = {isa = PBXBuildFile; fileRef = B9CA2A372029903500434E37 /* ASNativeViewController.m */; };
		B9CA2A3B2029983100434E37 /* ASNativeView.m in Sources */ = {isa = PBXBuildFile; fileRef = B9CA2A3A2029983100434E37 /* ASNativeView.m */; };
/* End PBXBuildFile section */

/* Begin PBXCopyFilesBuildPhase section */
		42C05A9E229FE83400C52D0D /* Embed Frameworks */ = {
			isa = PBXCopyFilesBuildPhase;
			buildActionMask = 2147483647;
			dstPath = "";
			dstSubfolderSpec = 10;
			files = (
			);
			name = "Embed Frameworks";
			runOnlyForDeploymentPostprocessing = 0;
		};
/* End PBXCopyFilesBuildPhase section */

/* Begin PBXFileReference section */
		0330437E1EE6C71900FBF3E4 /* ASRootViewController.m */ = {isa = PBXFileReference; fileEncoding = 4; lastKnownFileType = sourcecode.c.objc; path = ASRootViewController.m; sourceTree = "<group>"; };
		03BB6E031EE7D97F007638E2 /* Base */ = {isa = PBXFileReference; lastKnownFileType = file.storyboard; name = Base; path = Base.lproj/ObjC.storyboard; sourceTree = "<group>"; };
		2D3FEA5068E69279DD6EC47F /* Pods-AppodealObjectiveCDemo.release.xcconfig */ = {isa = PBXFileReference; includeInIndex = 1; lastKnownFileType = text.xcconfig; name = "Pods-AppodealObjectiveCDemo.release.xcconfig"; path = "Target Support Files/Pods-AppodealObjectiveCDemo/Pods-AppodealObjectiveCDemo.release.xcconfig"; sourceTree = "<group>"; };
		420E48DF23F4176800009792 /* Dummy.swift */ = {isa = PBXFileReference; lastKnownFileType = sourcecode.swift; path = Dummy.swift; sourceTree = "<group>"; };
		426932282355A64F005CFB02 /* VideoToolbox.framework */ = {isa = PBXFileReference; lastKnownFileType = wrapper.framework; name = VideoToolbox.framework; path = System/Library/Frameworks/VideoToolbox.framework; sourceTree = SDKROOT; };
		7469519F04830FC20B77706F /* Pods_AppodealObjectiveCDemo.framework */ = {isa = PBXFileReference; explicitFileType = wrapper.framework; includeInIndex = 0; path = Pods_AppodealObjectiveCDemo.framework; sourceTree = BUILT_PRODUCTS_DIR; };
		8019B1683D2E313A5D4C8311 /* Pods-AppodealObjectiveCDemo.debug.xcconfig */ = {isa = PBXFileReference; includeInIndex = 1; lastKnownFileType = text.xcconfig; name = "Pods-AppodealObjectiveCDemo.debug.xcconfig"; path = "Target Support Files/Pods-AppodealObjectiveCDemo/Pods-AppodealObjectiveCDemo.debug.xcconfig"; sourceTree = "<group>"; };
		8AC7841028451B53008FE012 /* GoogleService-Info.plist */ = {isa = PBXFileReference; fileEncoding = 4; lastKnownFileType = text.plist.xml; name = "GoogleService-Info.plist"; path = "../../AppodealSwiftDemo/AppodealSwiftDemo/GoogleService-Info.plist"; sourceTree = "<group>"; };
		9C1CAA3320AD669E00C20A3A /* WatchConnectivity.framework */ = {isa = PBXFileReference; lastKnownFileType = wrapper.framework; name = WatchConnectivity.framework; path = System/Library/Frameworks/WatchConnectivity.framework; sourceTree = SDKROOT; };
		B936CE961EE00D8000CDFF89 /* AppodealObjectiveCDemo.app */ = {isa = PBXFileReference; explicitFileType = wrapper.application; includeInIndex = 0; path = AppodealObjectiveCDemo.app; sourceTree = BUILT_PRODUCTS_DIR; };
		B936CE9A1EE00D8000CDFF89 /* main.m */ = {isa = PBXFileReference; lastKnownFileType = sourcecode.c.objc; path = main.m; sourceTree = "<group>"; };
		B936CE9C1EE00D8000CDFF89 /* ASAppDelegate.h */ = {isa = PBXFileReference; lastKnownFileType = sourcecode.c.h; path = ASAppDelegate.h; sourceTree = "<group>"; };
		B936CE9D1EE00D8000CDFF89 /* ASAppDelegate.m */ = {isa = PBXFileReference; lastKnownFileType = sourcecode.c.objc; path = ASAppDelegate.m; sourceTree = "<group>"; };
		B936CE9F1EE00D8000CDFF89 /* ASInterstitialAdViewController.h */ = {isa = PBXFileReference; lastKnownFileType = sourcecode.c.h; path = ASInterstitialAdViewController.h; sourceTree = "<group>"; };
		B936CEA01EE00D8000CDFF89 /* ASInterstitialAdViewController.m */ = {isa = PBXFileReference; lastKnownFileType = sourcecode.c.objc; path = ASInterstitialAdViewController.m; sourceTree = "<group>"; };
		B936CEA21EE00D8000CDFF89 /* ASRewardedViewController.h */ = {isa = PBXFileReference; lastKnownFileType = sourcecode.c.h; path = ASRewardedViewController.h; sourceTree = "<group>"; };
		B936CEA31EE00D8000CDFF89 /* ASRewardedViewController.m */ = {isa = PBXFileReference; lastKnownFileType = sourcecode.c.objc; path = ASRewardedViewController.m; sourceTree = "<group>"; };
		B936CEA81EE00D8100CDFF89 /* Assets.xcassets */ = {isa = PBXFileReference; lastKnownFileType = folder.assetcatalog; path = Assets.xcassets; sourceTree = "<group>"; };
		B936CEAB1EE00D8100CDFF89 /* Base */ = {isa = PBXFileReference; lastKnownFileType = file.storyboard; name = Base; path = Base.lproj/LaunchScreen.storyboard; sourceTree = "<group>"; };
		B936CEAD1EE00D8100CDFF89 /* Info.plist */ = {isa = PBXFileReference; lastKnownFileType = text.plist.xml; path = Info.plist; sourceTree = "<group>"; };
		B936CEB91EE0180C00CDFF89 /* ASStaticBannerViewController.h */ = {isa = PBXFileReference; fileEncoding = 4; lastKnownFileType = sourcecode.c.h; path = ASStaticBannerViewController.h; sourceTree = "<group>"; };
		B936CEBA1EE0180C00CDFF89 /* ASStaticBannerViewController.m */ = {isa = PBXFileReference; fileEncoding = 4; lastKnownFileType = sourcecode.c.objc; path = ASStaticBannerViewController.m; sourceTree = "<group>"; };
		B936CEBC1EE0183200CDFF89 /* ASCustomBannerViewController.h */ = {isa = PBXFileReference; fileEncoding = 4; lastKnownFileType = sourcecode.c.h; path = ASCustomBannerViewController.h; sourceTree = "<group>"; };
		B936CEBD1EE0183200CDFF89 /* ASCustomBannerViewController.m */ = {isa = PBXFileReference; fileEncoding = 4; lastKnownFileType = sourcecode.c.objc; path = ASCustomBannerViewController.m; sourceTree = "<group>"; };
		B936CEC91EE02B5D00CDFF89 /* StoreKit.framework */ = {isa = PBXFileReference; lastKnownFileType = wrapper.framework; name = StoreKit.framework; path = System/Library/Frameworks/StoreKit.framework; sourceTree = SDKROOT; };
		B936CECB1EE02B6300CDFF89 /* CoreText.framework */ = {isa = PBXFileReference; lastKnownFileType = wrapper.framework; name = CoreText.framework; path = System/Library/Frameworks/CoreText.framework; sourceTree = SDKROOT; };
		B936CECD1EE02B6D00CDFF89 /* MessageUI.framework */ = {isa = PBXFileReference; lastKnownFileType = wrapper.framework; name = MessageUI.framework; path = System/Library/Frameworks/MessageUI.framework; sourceTree = SDKROOT; };
		B936CECF1EE02B7200CDFF89 /* WebKit.framework */ = {isa = PBXFileReference; lastKnownFileType = wrapper.framework; name = WebKit.framework; path = System/Library/Frameworks/WebKit.framework; sourceTree = SDKROOT; };
		B936CED11EE02B7700CDFF89 /* GLKit.framework */ = {isa = PBXFileReference; lastKnownFileType = wrapper.framework; name = GLKit.framework; path = System/Library/Frameworks/GLKit.framework; sourceTree = SDKROOT; };
		B936CED31EE02B8100CDFF89 /* CoreBluetooth.framework */ = {isa = PBXFileReference; lastKnownFileType = wrapper.framework; name = CoreBluetooth.framework; path = System/Library/Frameworks/CoreBluetooth.framework; sourceTree = SDKROOT; };
		B936CED51EE02B8700CDFF89 /* UIKit.framework */ = {isa = PBXFileReference; lastKnownFileType = wrapper.framework; name = UIKit.framework; path = System/Library/Frameworks/UIKit.framework; sourceTree = SDKROOT; };
		B936CED71EE02B8D00CDFF89 /* Twitter.framework */ = {isa = PBXFileReference; lastKnownFileType = wrapper.framework; name = Twitter.framework; path = System/Library/Frameworks/Twitter.framework; sourceTree = SDKROOT; };
		B936CED91EE02B9500CDFF89 /* SystemConfiguration.framework */ = {isa = PBXFileReference; lastKnownFileType = wrapper.framework; name = SystemConfiguration.framework; path = System/Library/Frameworks/SystemConfiguration.framework; sourceTree = SDKROOT; };
		B936CEDB1EE02B9D00CDFF89 /* Social.framework */ = {isa = PBXFileReference; lastKnownFileType = wrapper.framework; name = Social.framework; path = System/Library/Frameworks/Social.framework; sourceTree = SDKROOT; };
		B936CEDD1EE02BA300CDFF89 /* Security.framework */ = {isa = PBXFileReference; lastKnownFileType = wrapper.framework; name = Security.framework; path = System/Library/Frameworks/Security.framework; sourceTree = SDKROOT; };
		B936CEDF1EE02BA800CDFF89 /* SafariServices.framework */ = {isa = PBXFileReference; lastKnownFileType = wrapper.framework; name = SafariServices.framework; path = System/Library/Frameworks/SafariServices.framework; sourceTree = SDKROOT; };
		B936CEE11EE02BAF00CDFF89 /* QuartzCore.framework */ = {isa = PBXFileReference; lastKnownFileType = wrapper.framework; name = QuartzCore.framework; path = System/Library/Frameworks/QuartzCore.framework; sourceTree = SDKROOT; };
		B936CEE31EE02BB500CDFF89 /* MobileCoreServices.framework */ = {isa = PBXFileReference; lastKnownFileType = wrapper.framework; name = MobileCoreServices.framework; path = System/Library/Frameworks/MobileCoreServices.framework; sourceTree = SDKROOT; };
		B936CEE51EE02BBD00CDFF89 /* MediaPlayer.framework */ = {isa = PBXFileReference; lastKnownFileType = wrapper.framework; name = MediaPlayer.framework; path = System/Library/Frameworks/MediaPlayer.framework; sourceTree = SDKROOT; };
		B936CEE71EE02BC700CDFF89 /* libz.tbd */ = {isa = PBXFileReference; lastKnownFileType = "sourcecode.text-based-dylib-definition"; name = libz.tbd; path = usr/lib/libz.tbd; sourceTree = SDKROOT; };
		B936CEE91EE02BD000CDFF89 /* libxml2.2.tbd */ = {isa = PBXFileReference; lastKnownFileType = "sourcecode.text-based-dylib-definition"; name = libxml2.2.tbd; path = usr/lib/libxml2.2.tbd; sourceTree = SDKROOT; };
		B936CEEB1EE02BD900CDFF89 /* libsqlite3.tbd */ = {isa = PBXFileReference; lastKnownFileType = "sourcecode.text-based-dylib-definition"; name = libsqlite3.tbd; path = usr/lib/libsqlite3.tbd; sourceTree = SDKROOT; };
		B936CEED1EE02BE000CDFF89 /* libc++.tbd */ = {isa = PBXFileReference; lastKnownFileType = "sourcecode.text-based-dylib-definition"; name = "libc++.tbd"; path = "usr/lib/libc++.tbd"; sourceTree = SDKROOT; };
		B936CEEF1EE02BEA00CDFF89 /* JavaScriptCore.framework */ = {isa = PBXFileReference; lastKnownFileType = wrapper.framework; name = JavaScriptCore.framework; path = System/Library/Frameworks/JavaScriptCore.framework; sourceTree = SDKROOT; };
		B936CEF11EE02BF500CDFF89 /* EventKit.framework */ = {isa = PBXFileReference; lastKnownFileType = wrapper.framework; name = EventKit.framework; path = System/Library/Frameworks/EventKit.framework; sourceTree = SDKROOT; };
		B936CEF21EE02BF500CDFF89 /* EventKitUI.framework */ = {isa = PBXFileReference; lastKnownFileType = wrapper.framework; name = EventKitUI.framework; path = System/Library/Frameworks/EventKitUI.framework; sourceTree = SDKROOT; };
		B936CEF51EE02BFE00CDFF89 /* CoreImage.framework */ = {isa = PBXFileReference; lastKnownFileType = wrapper.framework; name = CoreImage.framework; path = System/Library/Frameworks/CoreImage.framework; sourceTree = SDKROOT; };
		B936CEF71EE02C2200CDFF89 /* CoreFoundation.framework */ = {isa = PBXFileReference; lastKnownFileType = wrapper.framework; name = CoreFoundation.framework; path = System/Library/Frameworks/CoreFoundation.framework; sourceTree = SDKROOT; };
		B936CEF81EE02C2200CDFF89 /* CoreGraphics.framework */ = {isa = PBXFileReference; lastKnownFileType = wrapper.framework; name = CoreGraphics.framework; path = System/Library/Frameworks/CoreGraphics.framework; sourceTree = SDKROOT; };
		B936CEF91EE02C2200CDFF89 /* CoreLocation.framework */ = {isa = PBXFileReference; lastKnownFileType = wrapper.framework; name = CoreLocation.framework; path = System/Library/Frameworks/CoreLocation.framework; sourceTree = SDKROOT; };
		B936CEFA1EE02C2200CDFF89 /* CoreMedia.framework */ = {isa = PBXFileReference; lastKnownFileType = wrapper.framework; name = CoreMedia.framework; path = System/Library/Frameworks/CoreMedia.framework; sourceTree = SDKROOT; };
		B936CEFB1EE02C2200CDFF89 /* CoreMotion.framework */ = {isa = PBXFileReference; lastKnownFileType = wrapper.framework; name = CoreMotion.framework; path = System/Library/Frameworks/CoreMotion.framework; sourceTree = SDKROOT; };
		B936CEFC1EE02C2200CDFF89 /* CoreTelephony.framework */ = {isa = PBXFileReference; lastKnownFileType = wrapper.framework; name = CoreTelephony.framework; path = System/Library/Frameworks/CoreTelephony.framework; sourceTree = SDKROOT; };
		B936CF031EE02C2A00CDFF89 /* CFNetwork.framework */ = {isa = PBXFileReference; lastKnownFileType = wrapper.framework; name = CFNetwork.framework; path = System/Library/Frameworks/CFNetwork.framework; sourceTree = SDKROOT; };
		B936CF051EE02C3200CDFF89 /* AVFoundation.framework */ = {isa = PBXFileReference; lastKnownFileType = wrapper.framework; name = AVFoundation.framework; path = System/Library/Frameworks/AVFoundation.framework; sourceTree = SDKROOT; };
		B936CF071EE02C3800CDFF89 /* AudioToolbox.framework */ = {isa = PBXFileReference; lastKnownFileType = wrapper.framework; name = AudioToolbox.framework; path = System/Library/Frameworks/AudioToolbox.framework; sourceTree = SDKROOT; };
		B936CF091EE02C3E00CDFF89 /* AdSupport.framework */ = {isa = PBXFileReference; lastKnownFileType = wrapper.framework; name = AdSupport.framework; path = System/Library/Frameworks/AdSupport.framework; sourceTree = SDKROOT; };
		B936CF4D1EE036D800CDFF89 /* ASRoundButton.h */ = {isa = PBXFileReference; fileEncoding = 4; lastKnownFileType = sourcecode.c.h; path = ASRoundButton.h; sourceTree = "<group>"; };
		B936CF4E1EE036D800CDFF89 /* ASRoundButton.m */ = {isa = PBXFileReference; fileEncoding = 4; lastKnownFileType = sourcecode.c.objc; path = ASRoundButton.m; sourceTree = "<group>"; };
		B936CF501EE03D3B00CDFF89 /* AssetsLibrary.framework */ = {isa = PBXFileReference; lastKnownFileType = wrapper.framework; name = AssetsLibrary.framework; path = System/Library/Frameworks/AssetsLibrary.framework; sourceTree = SDKROOT; };
		B9B301681EE191360016F22D /* ASRootViewController.h */ = {isa = PBXFileReference; fileEncoding = 4; lastKnownFileType = sourcecode.c.h; path = ASRootViewController.h; sourceTree = "<group>"; };
		B9CA2A3320298F1000434E37 /* Base */ = {isa = PBXFileReference; lastKnownFileType = file.xib; name = Base; path = Base.lproj/Native.xib; sourceTree = "<group>"; };
		B9CA2A362029903500434E37 /* ASNativeViewController.h */ = {isa = PBXFileReference; lastKnownFileType = sourcecode.c.h; path = ASNativeViewController.h; sourceTree = "<group>"; };
		B9CA2A372029903500434E37 /* ASNativeViewController.m */ = {isa = PBXFileReference; lastKnownFileType = sourcecode.c.objc; path = ASNativeViewController.m; sourceTree = "<group>"; };
		B9CA2A392029983100434E37 /* ASNativeView.h */ = {isa = PBXFileReference; lastKnownFileType = sourcecode.c.h; path = ASNativeView.h; sourceTree = "<group>"; };
		B9CA2A3A2029983100434E37 /* ASNativeView.m */ = {isa = PBXFileReference; lastKnownFileType = sourcecode.c.objc; path = ASNativeView.m; sourceTree = "<group>"; };
/* End PBXFileReference section */

/* Begin PBXFrameworksBuildPhase section */
		B936CE931EE00D8000CDFF89 /* Frameworks */ = {
			isa = PBXFrameworksBuildPhase;
			buildActionMask = 2147483647;
			files = (
				3B57D37B49A0557F20ABCF52 /* Pods_AppodealObjectiveCDemo.framework in Frameworks */,
			);
			runOnlyForDeploymentPostprocessing = 0;
		};
/* End PBXFrameworksBuildPhase section */

/* Begin PBXGroup section */
		7CA562E2A33961482AF2C422 /* Pods */ = {
			isa = PBXGroup;
			children = (
				8019B1683D2E313A5D4C8311 /* Pods-AppodealObjectiveCDemo.debug.xcconfig */,
				2D3FEA5068E69279DD6EC47F /* Pods-AppodealObjectiveCDemo.release.xcconfig */,
			);
			name = Pods;
			path = ../Pods;
			sourceTree = "<group>";
		};
		B936CE8D1EE00D8000CDFF89 = {
			isa = PBXGroup;
			children = (
				B936CE981EE00D8000CDFF89 /* AppodealObjectiveCDemo */,
				B936CE971EE00D8000CDFF89 /* Products */,
				B936CEC81EE02B5D00CDFF89 /* Frameworks */,
				7CA562E2A33961482AF2C422 /* Pods */,
			);
			sourceTree = "<group>";
		};
		B936CE971EE00D8000CDFF89 /* Products */ = {
			isa = PBXGroup;
			children = (
				B936CE961EE00D8000CDFF89 /* AppodealObjectiveCDemo.app */,
			);
			name = Products;
			sourceTree = "<group>";
		};
		B936CE981EE00D8000CDFF89 /* AppodealObjectiveCDemo */ = {
			isa = PBXGroup;
			children = (
				B936CF581EE0640E00CDFF89 /* Interstitial */,
				B936CF591EE0641600CDFF89 /* RewardedVideo */,
				B936CF5A1EE0641F00CDFF89 /* Banner */,
				B9CA2A3520298F5300434E37 /* Native */,
				B936CE991EE00D8000CDFF89 /* Supporting Files */,
			);
			path = AppodealObjectiveCDemo;
			sourceTree = "<group>";
		};
		B936CE991EE00D8000CDFF89 /* Supporting Files */ = {
			isa = PBXGroup;
			children = (
				B936CE9C1EE00D8000CDFF89 /* ASAppDelegate.h */,
				B936CE9D1EE00D8000CDFF89 /* ASAppDelegate.m */,
				B936CF4D1EE036D800CDFF89 /* ASRoundButton.h */,
				B936CF4E1EE036D800CDFF89 /* ASRoundButton.m */,
				B9B301681EE191360016F22D /* ASRootViewController.h */,
				0330437E1EE6C71900FBF3E4 /* ASRootViewController.m */,
				B936CEA81EE00D8100CDFF89 /* Assets.xcassets */,
				03BB6E021EE7D97F007638E2 /* ObjC.storyboard */,
				B936CEAA1EE00D8100CDFF89 /* LaunchScreen.storyboard */,
				B9CA2A3220298F1000434E37 /* Native.xib */,
				8AC7841028451B53008FE012 /* GoogleService-Info.plist */,
				B936CEAD1EE00D8100CDFF89 /* Info.plist */,
				B936CE9A1EE00D8000CDFF89 /* main.m */,
				420E48DF23F4176800009792 /* Dummy.swift */,
			);
			name = "Supporting Files";
			sourceTree = "<group>";
		};
		B936CEC81EE02B5D00CDFF89 /* Frameworks */ = {
			isa = PBXGroup;
			children = (
				426932282355A64F005CFB02 /* VideoToolbox.framework */,
				9C1CAA3320AD669E00C20A3A /* WatchConnectivity.framework */,
				B936CF501EE03D3B00CDFF89 /* AssetsLibrary.framework */,
				B936CF091EE02C3E00CDFF89 /* AdSupport.framework */,
				B936CF071EE02C3800CDFF89 /* AudioToolbox.framework */,
				B936CF051EE02C3200CDFF89 /* AVFoundation.framework */,
				B936CF031EE02C2A00CDFF89 /* CFNetwork.framework */,
				B936CEF71EE02C2200CDFF89 /* CoreFoundation.framework */,
				B936CEF81EE02C2200CDFF89 /* CoreGraphics.framework */,
				B936CEF91EE02C2200CDFF89 /* CoreLocation.framework */,
				B936CEFA1EE02C2200CDFF89 /* CoreMedia.framework */,
				B936CEFB1EE02C2200CDFF89 /* CoreMotion.framework */,
				B936CEFC1EE02C2200CDFF89 /* CoreTelephony.framework */,
				B936CEF51EE02BFE00CDFF89 /* CoreImage.framework */,
				B936CEF11EE02BF500CDFF89 /* EventKit.framework */,
				B936CEF21EE02BF500CDFF89 /* EventKitUI.framework */,
				B936CEEF1EE02BEA00CDFF89 /* JavaScriptCore.framework */,
				B936CEED1EE02BE000CDFF89 /* libc++.tbd */,
				B936CEEB1EE02BD900CDFF89 /* libsqlite3.tbd */,
				B936CEE91EE02BD000CDFF89 /* libxml2.2.tbd */,
				B936CEE71EE02BC700CDFF89 /* libz.tbd */,
				B936CEE51EE02BBD00CDFF89 /* MediaPlayer.framework */,
				B936CEE31EE02BB500CDFF89 /* MobileCoreServices.framework */,
				B936CEE11EE02BAF00CDFF89 /* QuartzCore.framework */,
				B936CEDF1EE02BA800CDFF89 /* SafariServices.framework */,
				B936CEDD1EE02BA300CDFF89 /* Security.framework */,
				B936CEDB1EE02B9D00CDFF89 /* Social.framework */,
				B936CED91EE02B9500CDFF89 /* SystemConfiguration.framework */,
				B936CED71EE02B8D00CDFF89 /* Twitter.framework */,
				B936CED51EE02B8700CDFF89 /* UIKit.framework */,
				B936CED31EE02B8100CDFF89 /* CoreBluetooth.framework */,
				B936CED11EE02B7700CDFF89 /* GLKit.framework */,
				B936CECF1EE02B7200CDFF89 /* WebKit.framework */,
				B936CECD1EE02B6D00CDFF89 /* MessageUI.framework */,
				B936CECB1EE02B6300CDFF89 /* CoreText.framework */,
				B936CEC91EE02B5D00CDFF89 /* StoreKit.framework */,
				7469519F04830FC20B77706F /* Pods_AppodealObjectiveCDemo.framework */,
			);
			name = Frameworks;
			sourceTree = "<group>";
		};
		B936CF581EE0640E00CDFF89 /* Interstitial */ = {
			isa = PBXGroup;
			children = (
				B936CE9F1EE00D8000CDFF89 /* ASInterstitialAdViewController.h */,
				B936CEA01EE00D8000CDFF89 /* ASInterstitialAdViewController.m */,
			);
			name = Interstitial;
			sourceTree = "<group>";
		};
		B936CF591EE0641600CDFF89 /* RewardedVideo */ = {
			isa = PBXGroup;
			children = (
				B936CEA21EE00D8000CDFF89 /* ASRewardedViewController.h */,
				B936CEA31EE00D8000CDFF89 /* ASRewardedViewController.m */,
			);
			name = RewardedVideo;
			sourceTree = "<group>";
		};
		B936CF5A1EE0641F00CDFF89 /* Banner */ = {
			isa = PBXGroup;
			children = (
				B936CEB91EE0180C00CDFF89 /* ASStaticBannerViewController.h */,
				B936CEBA1EE0180C00CDFF89 /* ASStaticBannerViewController.m */,
				B936CEBC1EE0183200CDFF89 /* ASCustomBannerViewController.h */,
				B936CEBD1EE0183200CDFF89 /* ASCustomBannerViewController.m */,
			);
			name = Banner;
			sourceTree = "<group>";
		};
		B9CA2A3520298F5300434E37 /* Native */ = {
			isa = PBXGroup;
			children = (
				B9CA2A392029983100434E37 /* ASNativeView.h */,
				B9CA2A3A2029983100434E37 /* ASNativeView.m */,
				B9CA2A362029903500434E37 /* ASNativeViewController.h */,
				B9CA2A372029903500434E37 /* ASNativeViewController.m */,
			);
			name = Native;
			sourceTree = "<group>";
		};
/* End PBXGroup section */

/* Begin PBXNativeTarget section */
		B936CE951EE00D8000CDFF89 /* AppodealObjectiveCDemo */ = {
			isa = PBXNativeTarget;
			buildConfigurationList = B936CEB01EE00D8100CDFF89 /* Build configuration list for PBXNativeTarget "AppodealObjectiveCDemo" */;
			buildPhases = (
				E74CAE5A685CFE15B626BF04 /* [CP] Check Pods Manifest.lock */,
				B936CE921EE00D8000CDFF89 /* Sources */,
				B936CE931EE00D8000CDFF89 /* Frameworks */,
				B936CE941EE00D8000CDFF89 /* Resources */,
				42C05A9E229FE83400C52D0D /* Embed Frameworks */,
				39EAC02A5398F87139772B9C /* [CP] Embed Pods Frameworks */,
				D6EA5B901E2C453B529CF775 /* [CP] Copy Pods Resources */,
			);
			buildRules = (
			);
			dependencies = (
			);
			name = AppodealObjectiveCDemo;
			productName = appodeal_demo;
			productReference = B936CE961EE00D8000CDFF89 /* AppodealObjectiveCDemo.app */;
			productType = "com.apple.product-type.application";
		};
/* End PBXNativeTarget section */

/* Begin PBXProject section */
		B936CE8E1EE00D8000CDFF89 /* Project object */ = {
			isa = PBXProject;
			attributes = {
				CLASSPREFIX = AS;
				LastUpgradeCheck = 1130;
				ORGANIZATIONNAME = appodeal;
				TargetAttributes = {
					B936CE951EE00D8000CDFF89 = {
						CreatedOnToolsVersion = 8.3.2;
						DevelopmentTeam = WG4VFF78ZM;
						LastSwiftMigration = 1120;
						ProvisioningStyle = Automatic;
					};
				};
			};
			buildConfigurationList = B936CE911EE00D8000CDFF89 /* Build configuration list for PBXProject "AppodealObjectiveCDemo" */;
			compatibilityVersion = "Xcode 3.2";
			developmentRegion = en;
			hasScannedForEncodings = 0;
			knownRegions = (
				en,
				Base,
			);
			mainGroup = B936CE8D1EE00D8000CDFF89;
			productRefGroup = B936CE971EE00D8000CDFF89 /* Products */;
			projectDirPath = "";
			projectRoot = "";
			targets = (
				B936CE951EE00D8000CDFF89 /* AppodealObjectiveCDemo */,
			);
		};
/* End PBXProject section */

/* Begin PBXResourcesBuildPhase section */
		B936CE941EE00D8000CDFF89 /* Resources */ = {
			isa = PBXResourcesBuildPhase;
			buildActionMask = 2147483647;
			files = (
				03BB6E041EE7D97F007638E2 /* ObjC.storyboard in Resources */,
				B9CA2A3420298F1000434E37 /* Native.xib in Resources */,
				8AC7841128451B53008FE012 /* GoogleService-Info.plist in Resources */,
				B936CEAC1EE00D8100CDFF89 /* LaunchScreen.storyboard in Resources */,
				B936CEA91EE00D8100CDFF89 /* Assets.xcassets in Resources */,
			);
			runOnlyForDeploymentPostprocessing = 0;
		};
/* End PBXResourcesBuildPhase section */

/* Begin PBXShellScriptBuildPhase section */
		39EAC02A5398F87139772B9C /* [CP] Embed Pods Frameworks */ = {
			isa = PBXShellScriptBuildPhase;
			buildActionMask = 2147483647;
			files = (
			);
			inputPaths = (
				"${PODS_ROOT}/Target Support Files/Pods-AppodealObjectiveCDemo/Pods-AppodealObjectiveCDemo-frameworks.sh",
				"${BUILT_PRODUCTS_DIR}/Adjust/Adjust.framework",
				"${BUILT_PRODUCTS_DIR}/DivKit/DivKit.framework",
				"${BUILT_PRODUCTS_DIR}/DivKit_Base/BasePublic.framework",
				"${BUILT_PRODUCTS_DIR}/DivKit_BaseTiny/BaseTinyPublic.framework",
				"${BUILT_PRODUCTS_DIR}/DivKit_BaseUI/BaseUIPublic.framework",
				"${BUILT_PRODUCTS_DIR}/DivKit_CommonCore/CommonCorePublic.framework",
				"${BUILT_PRODUCTS_DIR}/DivKit_LayoutKit/LayoutKit.framework",
				"${BUILT_PRODUCTS_DIR}/DivKit_LayoutKitInterface/LayoutKitInterface.framework",
				"${BUILT_PRODUCTS_DIR}/DivKit_Networking/NetworkingPublic.framework",
				"${BUILT_PRODUCTS_DIR}/DivKit_Serialization/Serialization.framework",
				"${BUILT_PRODUCTS_DIR}/FirebaseABTesting/FirebaseABTesting.framework",
				"${BUILT_PRODUCTS_DIR}/FirebaseCore/FirebaseCore.framework",
				"${BUILT_PRODUCTS_DIR}/FirebaseCoreInternal/FirebaseCoreInternal.framework",
				"${BUILT_PRODUCTS_DIR}/FirebaseInstallations/FirebaseInstallations.framework",
				"${BUILT_PRODUCTS_DIR}/FirebaseRemoteConfig/FirebaseRemoteConfig.framework",
				"${BUILT_PRODUCTS_DIR}/GoogleUtilities/GoogleUtilities.framework",
				"${BUILT_PRODUCTS_DIR}/PromisesObjC/FBLPromises.framework",
				"${BUILT_PRODUCTS_DIR}/Protobuf/Protobuf.framework",
				"${BUILT_PRODUCTS_DIR}/nanopb/nanopb.framework",
				"${PODS_XCFRAMEWORKS_BUILD_DIR}/AmazonPublisherServicesSDK/DTBiOSSDK.framework/DTBiOSSDK",
				"${PODS_XCFRAMEWORKS_BUILD_DIR}/FBAEMKit/FBAEMKit.framework/FBAEMKit",
				"${PODS_XCFRAMEWORKS_BUILD_DIR}/FBSDKCoreKit/FBSDKCoreKit.framework/FBSDKCoreKit",
				"${PODS_XCFRAMEWORKS_BUILD_DIR}/FBSDKCoreKit_Basics/FBSDKCoreKit_Basics.framework/FBSDKCoreKit_Basics",
				"${PODS_XCFRAMEWORKS_BUILD_DIR}/OMSDK_Appodeal/OMSDK_Appodeal.framework/OMSDK_Appodeal",
				"${PODS_XCFRAMEWORKS_BUILD_DIR}/smaato-ios-sdk/Modules/OpenMeasurement/OMSDK_Smaato.framework/OMSDK_Smaato",
			);
			name = "[CP] Embed Pods Frameworks";
			outputPaths = (
				"${TARGET_BUILD_DIR}/${FRAMEWORKS_FOLDER_PATH}/Adjust.framework",
				"${TARGET_BUILD_DIR}/${FRAMEWORKS_FOLDER_PATH}/DivKit.framework",
				"${TARGET_BUILD_DIR}/${FRAMEWORKS_FOLDER_PATH}/BasePublic.framework",
				"${TARGET_BUILD_DIR}/${FRAMEWORKS_FOLDER_PATH}/BaseTinyPublic.framework",
				"${TARGET_BUILD_DIR}/${FRAMEWORKS_FOLDER_PATH}/BaseUIPublic.framework",
				"${TARGET_BUILD_DIR}/${FRAMEWORKS_FOLDER_PATH}/CommonCorePublic.framework",
				"${TARGET_BUILD_DIR}/${FRAMEWORKS_FOLDER_PATH}/LayoutKit.framework",
				"${TARGET_BUILD_DIR}/${FRAMEWORKS_FOLDER_PATH}/LayoutKitInterface.framework",
				"${TARGET_BUILD_DIR}/${FRAMEWORKS_FOLDER_PATH}/NetworkingPublic.framework",
				"${TARGET_BUILD_DIR}/${FRAMEWORKS_FOLDER_PATH}/Serialization.framework",
				"${TARGET_BUILD_DIR}/${FRAMEWORKS_FOLDER_PATH}/FirebaseABTesting.framework",
				"${TARGET_BUILD_DIR}/${FRAMEWORKS_FOLDER_PATH}/FirebaseCore.framework",
				"${TARGET_BUILD_DIR}/${FRAMEWORKS_FOLDER_PATH}/FirebaseCoreInternal.framework",
				"${TARGET_BUILD_DIR}/${FRAMEWORKS_FOLDER_PATH}/FirebaseInstallations.framework",
				"${TARGET_BUILD_DIR}/${FRAMEWORKS_FOLDER_PATH}/FirebaseRemoteConfig.framework",
				"${TARGET_BUILD_DIR}/${FRAMEWORKS_FOLDER_PATH}/GoogleUtilities.framework",
				"${TARGET_BUILD_DIR}/${FRAMEWORKS_FOLDER_PATH}/FBLPromises.framework",
				"${TARGET_BUILD_DIR}/${FRAMEWORKS_FOLDER_PATH}/Protobuf.framework",
				"${TARGET_BUILD_DIR}/${FRAMEWORKS_FOLDER_PATH}/nanopb.framework",
				"${TARGET_BUILD_DIR}/${FRAMEWORKS_FOLDER_PATH}/DTBiOSSDK.framework",
				"${TARGET_BUILD_DIR}/${FRAMEWORKS_FOLDER_PATH}/FBAEMKit.framework",
				"${TARGET_BUILD_DIR}/${FRAMEWORKS_FOLDER_PATH}/FBSDKCoreKit.framework",
				"${TARGET_BUILD_DIR}/${FRAMEWORKS_FOLDER_PATH}/FBSDKCoreKit_Basics.framework",
				"${TARGET_BUILD_DIR}/${FRAMEWORKS_FOLDER_PATH}/OMSDK_Appodeal.framework",
				"${TARGET_BUILD_DIR}/${FRAMEWORKS_FOLDER_PATH}/OMSDK_Smaato.framework",
			);
			runOnlyForDeploymentPostprocessing = 0;
			shellPath = /bin/sh;
			shellScript = "\"${PODS_ROOT}/Target Support Files/Pods-AppodealObjectiveCDemo/Pods-AppodealObjectiveCDemo-frameworks.sh\"\n";
			showEnvVarsInLog = 0;
		};
		D6EA5B901E2C453B529CF775 /* [CP] Copy Pods Resources */ = {
			isa = PBXShellScriptBuildPhase;
			buildActionMask = 2147483647;
			files = (
			);
			inputPaths = (
				"${PODS_ROOT}/Target Support Files/Pods-AppodealObjectiveCDemo/Pods-AppodealObjectiveCDemo-resources.sh",
				"${PODS_ROOT}/Ads-Global/SDK/PAGAdSDK.bundle",
				"${PODS_ROOT}/AppLovinSDK/applovin-ios-sdk-11.11.3/AppLovinSDKResources.bundle",
				"${PODS_ROOT}/YandexMobileAds/static/YandexMobileAds.xcframework/YandexMobileAdsBundle.bundle",
			);
			name = "[CP] Copy Pods Resources";
			outputPaths = (
				"${TARGET_BUILD_DIR}/${UNLOCALIZED_RESOURCES_FOLDER_PATH}/PAGAdSDK.bundle",
				"${TARGET_BUILD_DIR}/${UNLOCALIZED_RESOURCES_FOLDER_PATH}/AppLovinSDKResources.bundle",
				"${TARGET_BUILD_DIR}/${UNLOCALIZED_RESOURCES_FOLDER_PATH}/YandexMobileAdsBundle.bundle",
			);
			runOnlyForDeploymentPostprocessing = 0;
			shellPath = /bin/sh;
			shellScript = "\"${PODS_ROOT}/Target Support Files/Pods-AppodealObjectiveCDemo/Pods-AppodealObjectiveCDemo-resources.sh\"\n";
			showEnvVarsInLog = 0;
		};
		E74CAE5A685CFE15B626BF04 /* [CP] Check Pods Manifest.lock */ = {
			isa = PBXShellScriptBuildPhase;
			buildActionMask = 2147483647;
			files = (
			);
			inputFileListPaths = (
			);
			inputPaths = (
				"${PODS_PODFILE_DIR_PATH}/Podfile.lock",
				"${PODS_ROOT}/Manifest.lock",
			);
			name = "[CP] Check Pods Manifest.lock";
			outputFileListPaths = (
			);
			outputPaths = (
				"$(DERIVED_FILE_DIR)/Pods-AppodealObjectiveCDemo-checkManifestLockResult.txt",
			);
			runOnlyForDeploymentPostprocessing = 0;
			shellPath = /bin/sh;
			shellScript = "diff \"${PODS_PODFILE_DIR_PATH}/Podfile.lock\" \"${PODS_ROOT}/Manifest.lock\" > /dev/null\nif [ $? != 0 ] ; then\n    # print error to STDERR\n    echo \"error: The sandbox is not in sync with the Podfile.lock. Run 'pod install' or update your CocoaPods installation.\" >&2\n    exit 1\nfi\n# This output is used by Xcode 'outputs' to avoid re-running this script phase.\necho \"SUCCESS\" > \"${SCRIPT_OUTPUT_FILE_0}\"\n";
			showEnvVarsInLog = 0;
		};
/* End PBXShellScriptBuildPhase section */

/* Begin PBXSourcesBuildPhase section */
		B936CE921EE00D8000CDFF89 /* Sources */ = {
			isa = PBXSourcesBuildPhase;
			buildActionMask = 2147483647;
			files = (
				0330437F1EE6C71A00FBF3E4 /* ASRootViewController.m in Sources */,
				B936CEA41EE00D8000CDFF89 /* ASRewardedViewController.m in Sources */,
				420E48E023F4176800009792 /* Dummy.swift in Sources */,
				B9CA2A3B2029983100434E37 /* ASNativeView.m in Sources */,
				B936CEBB1EE0180C00CDFF89 /* ASStaticBannerViewController.m in Sources */,
				B9CA2A382029903500434E37 /* ASNativeViewController.m in Sources */,
				B936CF4F1EE036D800CDFF89 /* ASRoundButton.m in Sources */,
				B936CE9E1EE00D8000CDFF89 /* ASAppDelegate.m in Sources */,
				B936CEA11EE00D8000CDFF89 /* ASInterstitialAdViewController.m in Sources */,
				B936CEBE1EE0183200CDFF89 /* ASCustomBannerViewController.m in Sources */,
				B936CE9B1EE00D8000CDFF89 /* main.m in Sources */,
			);
			runOnlyForDeploymentPostprocessing = 0;
		};
/* End PBXSourcesBuildPhase section */

/* Begin PBXVariantGroup section */
		03BB6E021EE7D97F007638E2 /* ObjC.storyboard */ = {
			isa = PBXVariantGroup;
			children = (
				03BB6E031EE7D97F007638E2 /* Base */,
			);
			name = ObjC.storyboard;
			sourceTree = "<group>";
		};
		B936CEAA1EE00D8100CDFF89 /* LaunchScreen.storyboard */ = {
			isa = PBXVariantGroup;
			children = (
				B936CEAB1EE00D8100CDFF89 /* Base */,
			);
			name = LaunchScreen.storyboard;
			sourceTree = "<group>";
		};
		B9CA2A3220298F1000434E37 /* Native.xib */ = {
			isa = PBXVariantGroup;
			children = (
				B9CA2A3320298F1000434E37 /* Base */,
			);
			name = Native.xib;
			sourceTree = "<group>";
		};
/* End PBXVariantGroup section */

/* Begin XCBuildConfiguration section */
		B936CEAE1EE00D8100CDFF89 /* Debug */ = {
			isa = XCBuildConfiguration;
			buildSettings = {
				ALWAYS_SEARCH_USER_PATHS = NO;
				CLANG_ANALYZER_LOCALIZABILITY_NONLOCALIZED = YES;
				CLANG_ANALYZER_NONNULL = YES;
				CLANG_ANALYZER_NUMBER_OBJECT_CONVERSION = YES_AGGRESSIVE;
				CLANG_CXX_LANGUAGE_STANDARD = "gnu++0x";
				CLANG_CXX_LIBRARY = "libc++";
				CLANG_ENABLE_MODULES = YES;
				CLANG_ENABLE_OBJC_ARC = YES;
				CLANG_WARN_BLOCK_CAPTURE_AUTORELEASING = YES;
				CLANG_WARN_BOOL_CONVERSION = YES;
				CLANG_WARN_COMMA = YES;
				CLANG_WARN_CONSTANT_CONVERSION = YES;
				CLANG_WARN_DEPRECATED_OBJC_IMPLEMENTATIONS = YES;
				CLANG_WARN_DIRECT_OBJC_ISA_USAGE = YES_ERROR;
				CLANG_WARN_DOCUMENTATION_COMMENTS = YES;
				CLANG_WARN_EMPTY_BODY = YES;
				CLANG_WARN_ENUM_CONVERSION = YES;
				CLANG_WARN_INFINITE_RECURSION = YES;
				CLANG_WARN_INT_CONVERSION = YES;
				CLANG_WARN_NON_LITERAL_NULL_CONVERSION = YES;
				CLANG_WARN_OBJC_IMPLICIT_RETAIN_SELF = YES;
				CLANG_WARN_OBJC_LITERAL_CONVERSION = YES;
				CLANG_WARN_OBJC_ROOT_CLASS = YES_ERROR;
				CLANG_WARN_RANGE_LOOP_ANALYSIS = YES;
				CLANG_WARN_STRICT_PROTOTYPES = YES;
				CLANG_WARN_SUSPICIOUS_MOVE = YES;
				CLANG_WARN_UNREACHABLE_CODE = YES;
				CLANG_WARN__DUPLICATE_METHOD_MATCH = YES;
				"CODE_SIGN_IDENTITY[sdk=iphoneos*]" = "iPhone Developer";
				COPY_PHASE_STRIP = NO;
				DEBUG_INFORMATION_FORMAT = dwarf;
				ENABLE_STRICT_OBJC_MSGSEND = YES;
				ENABLE_TESTABILITY = YES;
				GCC_C_LANGUAGE_STANDARD = gnu99;
				GCC_DYNAMIC_NO_PIC = NO;
				GCC_NO_COMMON_BLOCKS = YES;
				GCC_OPTIMIZATION_LEVEL = 0;
				GCC_PREPROCESSOR_DEFINITIONS = (
					"DEBUG=1",
					"$(inherited)",
				);
				GCC_WARN_64_TO_32_BIT_CONVERSION = YES;
				GCC_WARN_ABOUT_RETURN_TYPE = YES_ERROR;
				GCC_WARN_UNDECLARED_SELECTOR = YES;
				GCC_WARN_UNINITIALIZED_AUTOS = YES_AGGRESSIVE;
				GCC_WARN_UNUSED_FUNCTION = YES;
				GCC_WARN_UNUSED_VARIABLE = YES;
				IPHONEOS_DEPLOYMENT_TARGET = 10.3;
				MTL_ENABLE_DEBUG_INFO = YES;
				ONLY_ACTIVE_ARCH = YES;
				SDKROOT = iphoneos;
			};
			name = Debug;
		};
		B936CEAF1EE00D8100CDFF89 /* Release */ = {
			isa = XCBuildConfiguration;
			buildSettings = {
				ALWAYS_SEARCH_USER_PATHS = NO;
				CLANG_ANALYZER_LOCALIZABILITY_NONLOCALIZED = YES;
				CLANG_ANALYZER_NONNULL = YES;
				CLANG_ANALYZER_NUMBER_OBJECT_CONVERSION = YES_AGGRESSIVE;
				CLANG_CXX_LANGUAGE_STANDARD = "gnu++0x";
				CLANG_CXX_LIBRARY = "libc++";
				CLANG_ENABLE_MODULES = YES;
				CLANG_ENABLE_OBJC_ARC = YES;
				CLANG_WARN_BLOCK_CAPTURE_AUTORELEASING = YES;
				CLANG_WARN_BOOL_CONVERSION = YES;
				CLANG_WARN_COMMA = YES;
				CLANG_WARN_CONSTANT_CONVERSION = YES;
				CLANG_WARN_DEPRECATED_OBJC_IMPLEMENTATIONS = YES;
				CLANG_WARN_DIRECT_OBJC_ISA_USAGE = YES_ERROR;
				CLANG_WARN_DOCUMENTATION_COMMENTS = YES;
				CLANG_WARN_EMPTY_BODY = YES;
				CLANG_WARN_ENUM_CONVERSION = YES;
				CLANG_WARN_INFINITE_RECURSION = YES;
				CLANG_WARN_INT_CONVERSION = YES;
				CLANG_WARN_NON_LITERAL_NULL_CONVERSION = YES;
				CLANG_WARN_OBJC_IMPLICIT_RETAIN_SELF = YES;
				CLANG_WARN_OBJC_LITERAL_CONVERSION = YES;
				CLANG_WARN_OBJC_ROOT_CLASS = YES_ERROR;
				CLANG_WARN_RANGE_LOOP_ANALYSIS = YES;
				CLANG_WARN_STRICT_PROTOTYPES = YES;
				CLANG_WARN_SUSPICIOUS_MOVE = YES;
				CLANG_WARN_UNREACHABLE_CODE = YES;
				CLANG_WARN__DUPLICATE_METHOD_MATCH = YES;
				"CODE_SIGN_IDENTITY[sdk=iphoneos*]" = "iPhone Developer";
				COPY_PHASE_STRIP = NO;
				DEBUG_INFORMATION_FORMAT = "dwarf-with-dsym";
				ENABLE_NS_ASSERTIONS = NO;
				ENABLE_STRICT_OBJC_MSGSEND = YES;
				GCC_C_LANGUAGE_STANDARD = gnu99;
				GCC_NO_COMMON_BLOCKS = YES;
				GCC_WARN_64_TO_32_BIT_CONVERSION = YES;
				GCC_WARN_ABOUT_RETURN_TYPE = YES_ERROR;
				GCC_WARN_UNDECLARED_SELECTOR = YES;
				GCC_WARN_UNINITIALIZED_AUTOS = YES_AGGRESSIVE;
				GCC_WARN_UNUSED_FUNCTION = YES;
				GCC_WARN_UNUSED_VARIABLE = YES;
				IPHONEOS_DEPLOYMENT_TARGET = 10.3;
				MTL_ENABLE_DEBUG_INFO = NO;
				SDKROOT = iphoneos;
				SWIFT_COMPILATION_MODE = wholemodule;
				VALIDATE_PRODUCT = YES;
			};
			name = Release;
		};
		B936CEB11EE00D8100CDFF89 /* Debug */ = {
			isa = XCBuildConfiguration;
			baseConfigurationReference = 8019B1683D2E313A5D4C8311 /* Pods-AppodealObjectiveCDemo.debug.xcconfig */;
			buildSettings = {
				ASSETCATALOG_COMPILER_APPICON_NAME = AppIcon;
				CLANG_ENABLE_MODULES = YES;
				DEVELOPMENT_TEAM = WG4VFF78ZM;
				ENABLE_BITCODE = NO;
				FRAMEWORK_SEARCH_PATHS = "$(inherited)";
				INFOPLIST_FILE = "$(PROJECT_DIR)/AppodealObjectiveCDemo/Info.plist";
				IPHONEOS_DEPLOYMENT_TARGET = 11.0;
				LD_RUNPATH_SEARCH_PATHS = "$(inherited) @executable_path/Frameworks";
				LIBRARY_SEARCH_PATHS = "$(inherited)";
				OTHER_LDFLAGS = "$(inherited)";
				PRODUCT_BUNDLE_IDENTIFIER = com.appodeal.sandbox;
				PRODUCT_NAME = "$(TARGET_NAME)";
				SWIFT_OPTIMIZATION_LEVEL = "-Onone";
				SWIFT_VERSION = 5.0;
				TARGETED_DEVICE_FAMILY = "1,2";
			};
			name = Debug;
		};
		B936CEB21EE00D8100CDFF89 /* Release */ = {
			isa = XCBuildConfiguration;
			baseConfigurationReference = 2D3FEA5068E69279DD6EC47F /* Pods-AppodealObjectiveCDemo.release.xcconfig */;
			buildSettings = {
				ASSETCATALOG_COMPILER_APPICON_NAME = AppIcon;
				CLANG_ENABLE_MODULES = YES;
				DEVELOPMENT_TEAM = WG4VFF78ZM;
				ENABLE_BITCODE = NO;
				FRAMEWORK_SEARCH_PATHS = "$(inherited)";
				INFOPLIST_FILE = "$(PROJECT_DIR)/AppodealObjectiveCDemo/Info.plist";
				IPHONEOS_DEPLOYMENT_TARGET = 11.0;
				LD_RUNPATH_SEARCH_PATHS = "$(inherited) @executable_path/Frameworks";
				LIBRARY_SEARCH_PATHS = "$(inherited)";
				OTHER_LDFLAGS = "$(inherited)";
				PRODUCT_BUNDLE_IDENTIFIER = com.appodeal.sandbox;
				PRODUCT_NAME = "$(TARGET_NAME)";
				SWIFT_VERSION = 5.0;
				TARGETED_DEVICE_FAMILY = "1,2";
			};
			name = Release;
		};
/* End XCBuildConfiguration section */

/* Begin XCConfigurationList section */
		B936CE911EE00D8000CDFF89 /* Build configuration list for PBXProject "AppodealObjectiveCDemo" */ = {
			isa = XCConfigurationList;
			buildConfigurations = (
				B936CEAE1EE00D8100CDFF89 /* Debug */,
				B936CEAF1EE00D8100CDFF89 /* Release */,
			);
			defaultConfigurationIsVisible = 0;
			defaultConfigurationName = Release;
		};
		B936CEB01EE00D8100CDFF89 /* Build configuration list for PBXNativeTarget "AppodealObjectiveCDemo" */ = {
			isa = XCConfigurationList;
			buildConfigurations = (
				B936CEB11EE00D8100CDFF89 /* Debug */,
				B936CEB21EE00D8100CDFF89 /* Release */,
			);
			defaultConfigurationIsVisible = 0;
			defaultConfigurationName = Release;
		};
/* End XCConfigurationList section */
	};
	rootObject = B936CE8E1EE00D8000CDFF89 /* Project object */;
}
